// !$*UTF8*$!
{
	archiveVersion = 1;
	classes = {
	};
	objectVersion = 50;
	objects = {

/* Begin PBXBuildFile section */
		3A1B1C0224AB7772004D024C /* Project.swift in Sources */ = {isa = PBXBuildFile; fileRef = 3A1B1C0124AB7772004D024C /* Project.swift */; };
		3A1B1C0A24ABC03C004D024C /* TabBarView.swift in Sources */ = {isa = PBXBuildFile; fileRef = 3A1B1C0924ABC03C004D024C /* TabBarView.swift */; };
		3A1B1C0C24AC9933004D024C /* TabBarViewModel.swift in Sources */ = {isa = PBXBuildFile; fileRef = 3A1B1C0B24AC9933004D024C /* TabBarViewModel.swift */; };
		3A309BBA24AA0BB1000C103B /* AppDelegate.swift in Sources */ = {isa = PBXBuildFile; fileRef = 3A309BB924AA0BB1000C103B /* AppDelegate.swift */; };
		3A309BBC24AA0BB1000C103B /* SceneDelegate.swift in Sources */ = {isa = PBXBuildFile; fileRef = 3A309BBB24AA0BB1000C103B /* SceneDelegate.swift */; };
		3A309BBE24AA0BB1000C103B /* ViewController.swift in Sources */ = {isa = PBXBuildFile; fileRef = 3A309BBD24AA0BB1000C103B /* ViewController.swift */; };
		3A309BC324AA0BB4000C103B /* Assets.xcassets in Resources */ = {isa = PBXBuildFile; fileRef = 3A309BC224AA0BB4000C103B /* Assets.xcassets */; };
		3A309BC624AA0BB4000C103B /* LaunchScreen.storyboard in Resources */ = {isa = PBXBuildFile; fileRef = 3A309BC424AA0BB4000C103B /* LaunchScreen.storyboard */; };
		3A7BF94B24BDADCE00558675 /* TaskViewModel.swift in Sources */ = {isa = PBXBuildFile; fileRef = 3A7BF94A24BDADCE00558675 /* TaskViewModel.swift */; };
		3A7BF95224BE3EBA00558675 /* TaskTableViewCell.swift in Sources */ = {isa = PBXBuildFile; fileRef = 3A7BF95024BE3EB900558675 /* TaskTableViewCell.swift */; };
		3A7BF95324BE3EBA00558675 /* TaskTableViewController.swift in Sources */ = {isa = PBXBuildFile; fileRef = 3A7BF95124BE3EBA00558675 /* TaskTableViewController.swift */; };
		3A7BF95D24BE429B00558675 /* Task.swift in Sources */ = {isa = PBXBuildFile; fileRef = 3A7BF95C24BE429B00558675 /* Task.swift */; };
		3A7BF96024BE42C900558675 /* NSLayoutConstraints+Helpers.swift in Sources */ = {isa = PBXBuildFile; fileRef = 3A7BF95E24BE42C800558675 /* NSLayoutConstraints+Helpers.swift */; };
		3A7BF96124BE42C900558675 /* UIFont+.swift in Sources */ = {isa = PBXBuildFile; fileRef = 3A7BF95F24BE42C900558675 /* UIFont+.swift */; };
		3A7BF96324BE42EA00558675 /* Tab.swift in Sources */ = {isa = PBXBuildFile; fileRef = 3A7BF96224BE42EA00558675 /* Tab.swift */; };
		3A95C34124BC8838003A52B9 /* DataModel.xcdatamodeld in Sources */ = {isa = PBXBuildFile; fileRef = 3A95C33F24BC8838003A52B9 /* DataModel.xcdatamodeld */; };
		3A95C34324BC8A62003A52B9 /* UUID+DataConvertable.swift in Sources */ = {isa = PBXBuildFile; fileRef = 3A95C34224BC8A61003A52B9 /* UUID+DataConvertable.swift */; };
		3A95C34524BC8B1C003A52B9 /* TaskCoreDataManager.swift in Sources */ = {isa = PBXBuildFile; fileRef = 3A95C34424BC8B1C003A52B9 /* TaskCoreDataManager.swift */; };
		3A95C34724BC8B69003A52B9 /* TaskManagable.swift in Sources */ = {isa = PBXBuildFile; fileRef = 3A95C34624BC8B69003A52B9 /* TaskManagable.swift */; };
		3AEEFFBA24ADCC89006251C8 /* TabBarButtonView.swift in Sources */ = {isa = PBXBuildFile; fileRef = 3AEEFFB924ADCC89006251C8 /* TabBarButtonView.swift */; };
		3AEEFFBC24ADCD3A006251C8 /* TabBarButtonViewModel.swift in Sources */ = {isa = PBXBuildFile; fileRef = 3AEEFFBB24ADCD3A006251C8 /* TabBarButtonViewModel.swift */; };
		3AEEFFC024AE3412006251C8 /* TabButtonViewModel.swift in Sources */ = {isa = PBXBuildFile; fileRef = 3AEEFFBF24AE3412006251C8 /* TabButtonViewModel.swift */; };
		3AEEFFC224AE3426006251C8 /* AddButtonViewModel.swift in Sources */ = {isa = PBXBuildFile; fileRef = 3AEEFFC124AE3426006251C8 /* AddButtonViewModel.swift */; };
		3AEEFFC924B3519C006251C8 /* Date+Week.swift in Sources */ = {isa = PBXBuildFile; fileRef = 3AEEFFC824B3519C006251C8 /* Date+Week.swift */; };
		3AEEFFE024B35F17006251C8 /* CalendarView.swift in Sources */ = {isa = PBXBuildFile; fileRef = 3AEEFFDD24B35F17006251C8 /* CalendarView.swift */; };
		3AEEFFE124B35F17006251C8 /* DayView.swift in Sources */ = {isa = PBXBuildFile; fileRef = 3AEEFFDE24B35F17006251C8 /* DayView.swift */; };
		3AEEFFE224B35F17006251C8 /* WeekCellView.swift in Sources */ = {isa = PBXBuildFile; fileRef = 3AEEFFDF24B35F17006251C8 /* WeekCellView.swift */; };
		3AEEFFE624B35F30006251C8 /* WeekCellViewModel.swift in Sources */ = {isa = PBXBuildFile; fileRef = 3AEEFFE324B35F30006251C8 /* WeekCellViewModel.swift */; };
		3AEEFFE724B35F30006251C8 /* CalendarViewModel.swift in Sources */ = {isa = PBXBuildFile; fileRef = 3AEEFFE424B35F30006251C8 /* CalendarViewModel.swift */; };
		3AEEFFE824B35F30006251C8 /* DayViewModel.swift in Sources */ = {isa = PBXBuildFile; fileRef = 3AEEFFE524B35F30006251C8 /* DayViewModel.swift */; };
/* End PBXBuildFile section */

/* Begin PBXFileReference section */
		3A1B1C0124AB7772004D024C /* Project.swift */ = {isa = PBXFileReference; lastKnownFileType = sourcecode.swift; path = Project.swift; sourceTree = "<group>"; };
		3A1B1C0924ABC03C004D024C /* TabBarView.swift */ = {isa = PBXFileReference; lastKnownFileType = sourcecode.swift; path = TabBarView.swift; sourceTree = "<group>"; };
		3A1B1C0B24AC9933004D024C /* TabBarViewModel.swift */ = {isa = PBXFileReference; lastKnownFileType = sourcecode.swift; path = TabBarViewModel.swift; sourceTree = "<group>"; };
		3A309BB624AA0BB1000C103B /* AnyTask.app */ = {isa = PBXFileReference; explicitFileType = wrapper.application; includeInIndex = 0; path = AnyTask.app; sourceTree = BUILT_PRODUCTS_DIR; };
		3A309BB924AA0BB1000C103B /* AppDelegate.swift */ = {isa = PBXFileReference; lastKnownFileType = sourcecode.swift; path = AppDelegate.swift; sourceTree = "<group>"; };
		3A309BBB24AA0BB1000C103B /* SceneDelegate.swift */ = {isa = PBXFileReference; lastKnownFileType = sourcecode.swift; path = SceneDelegate.swift; sourceTree = "<group>"; };
		3A309BBD24AA0BB1000C103B /* ViewController.swift */ = {isa = PBXFileReference; lastKnownFileType = sourcecode.swift; path = ViewController.swift; sourceTree = "<group>"; };
		3A309BC224AA0BB4000C103B /* Assets.xcassets */ = {isa = PBXFileReference; lastKnownFileType = folder.assetcatalog; path = Assets.xcassets; sourceTree = "<group>"; };
		3A309BC524AA0BB4000C103B /* Base */ = {isa = PBXFileReference; lastKnownFileType = file.storyboard; name = Base; path = Base.lproj/LaunchScreen.storyboard; sourceTree = "<group>"; };
		3A309BC724AA0BB4000C103B /* Info.plist */ = {isa = PBXFileReference; lastKnownFileType = text.plist.xml; path = Info.plist; sourceTree = "<group>"; };
		3A7BF94A24BDADCE00558675 /* TaskViewModel.swift */ = {isa = PBXFileReference; lastKnownFileType = sourcecode.swift; path = TaskViewModel.swift; sourceTree = "<group>"; };
		3A7BF95024BE3EB900558675 /* TaskTableViewCell.swift */ = {isa = PBXFileReference; fileEncoding = 4; lastKnownFileType = sourcecode.swift; path = TaskTableViewCell.swift; sourceTree = "<group>"; };
		3A7BF95124BE3EBA00558675 /* TaskTableViewController.swift */ = {isa = PBXFileReference; fileEncoding = 4; lastKnownFileType = sourcecode.swift; path = TaskTableViewController.swift; sourceTree = "<group>"; };
		3A7BF95C24BE429B00558675 /* Task.swift */ = {isa = PBXFileReference; fileEncoding = 4; lastKnownFileType = sourcecode.swift; path = Task.swift; sourceTree = "<group>"; };
		3A7BF95E24BE42C800558675 /* NSLayoutConstraints+Helpers.swift */ = {isa = PBXFileReference; fileEncoding = 4; lastKnownFileType = sourcecode.swift; path = "NSLayoutConstraints+Helpers.swift"; sourceTree = "<group>"; };
		3A7BF95F24BE42C900558675 /* UIFont+.swift */ = {isa = PBXFileReference; fileEncoding = 4; lastKnownFileType = sourcecode.swift; path = "UIFont+.swift"; sourceTree = "<group>"; };
		3A7BF96224BE42EA00558675 /* Tab.swift */ = {isa = PBXFileReference; fileEncoding = 4; lastKnownFileType = sourcecode.swift; path = Tab.swift; sourceTree = "<group>"; };
		3A95C34024BC8838003A52B9 /* DataModel.xcdatamodel */ = {isa = PBXFileReference; lastKnownFileType = wrapper.xcdatamodel; path = DataModel.xcdatamodel; sourceTree = "<group>"; };
		3A95C34224BC8A61003A52B9 /* UUID+DataConvertable.swift */ = {isa = PBXFileReference; lastKnownFileType = sourcecode.swift; name = "UUID+DataConvertable.swift"; path = "AnyTask/Extensions/UUID+DataConvertable.swift"; sourceTree = SOURCE_ROOT; };
		3A95C34424BC8B1C003A52B9 /* TaskCoreDataManager.swift */ = {isa = PBXFileReference; lastKnownFileType = sourcecode.swift; path = TaskCoreDataManager.swift; sourceTree = "<group>"; };
		3A95C34624BC8B69003A52B9 /* TaskManagable.swift */ = {isa = PBXFileReference; lastKnownFileType = sourcecode.swift; path = TaskManagable.swift; sourceTree = "<group>"; };
		3AEEFFB924ADCC89006251C8 /* TabBarButtonView.swift */ = {isa = PBXFileReference; lastKnownFileType = sourcecode.swift; path = TabBarButtonView.swift; sourceTree = "<group>"; };
		3AEEFFBB24ADCD3A006251C8 /* TabBarButtonViewModel.swift */ = {isa = PBXFileReference; lastKnownFileType = sourcecode.swift; path = TabBarButtonViewModel.swift; sourceTree = "<group>"; };
		3AEEFFBF24AE3412006251C8 /* TabButtonViewModel.swift */ = {isa = PBXFileReference; lastKnownFileType = sourcecode.swift; path = TabButtonViewModel.swift; sourceTree = "<group>"; };
		3AEEFFC124AE3426006251C8 /* AddButtonViewModel.swift */ = {isa = PBXFileReference; lastKnownFileType = sourcecode.swift; path = AddButtonViewModel.swift; sourceTree = "<group>"; };
		3AEEFFC824B3519C006251C8 /* Date+Week.swift */ = {isa = PBXFileReference; lastKnownFileType = sourcecode.swift; name = "Date+Week.swift"; path = "AnyTask/Extensions/Date+Week.swift"; sourceTree = SOURCE_ROOT; };
		3AEEFFDD24B35F17006251C8 /* CalendarView.swift */ = {isa = PBXFileReference; fileEncoding = 4; lastKnownFileType = sourcecode.swift; name = CalendarView.swift; path = AnyTask/View/Calendar/CalendarView.swift; sourceTree = SOURCE_ROOT; };
		3AEEFFDE24B35F17006251C8 /* DayView.swift */ = {isa = PBXFileReference; fileEncoding = 4; lastKnownFileType = sourcecode.swift; name = DayView.swift; path = AnyTask/View/Calendar/DayView.swift; sourceTree = SOURCE_ROOT; };
		3AEEFFDF24B35F17006251C8 /* WeekCellView.swift */ = {isa = PBXFileReference; fileEncoding = 4; lastKnownFileType = sourcecode.swift; name = WeekCellView.swift; path = AnyTask/View/Calendar/WeekCellView.swift; sourceTree = SOURCE_ROOT; };
		3AEEFFE324B35F30006251C8 /* WeekCellViewModel.swift */ = {isa = PBXFileReference; fileEncoding = 4; lastKnownFileType = sourcecode.swift; name = WeekCellViewModel.swift; path = AnyTask/ViewModel/Calendar/WeekCellViewModel.swift; sourceTree = SOURCE_ROOT; };
		3AEEFFE424B35F30006251C8 /* CalendarViewModel.swift */ = {isa = PBXFileReference; fileEncoding = 4; lastKnownFileType = sourcecode.swift; name = CalendarViewModel.swift; path = AnyTask/ViewModel/Calendar/CalendarViewModel.swift; sourceTree = SOURCE_ROOT; };
		3AEEFFE524B35F30006251C8 /* DayViewModel.swift */ = {isa = PBXFileReference; fileEncoding = 4; lastKnownFileType = sourcecode.swift; name = DayViewModel.swift; path = AnyTask/ViewModel/Calendar/DayViewModel.swift; sourceTree = SOURCE_ROOT; };
/* End PBXFileReference section */

/* Begin PBXFrameworksBuildPhase section */
		3A309BB324AA0BB1000C103B /* Frameworks */ = {
			isa = PBXFrameworksBuildPhase;
			buildActionMask = 2147483647;
			files = (
			);
			runOnlyForDeploymentPostprocessing = 0;
		};
/* End PBXFrameworksBuildPhase section */

/* Begin PBXGroup section */
		3A1B1BF824AB6634004D024C /* Supporting Files */ = {
			isa = PBXGroup;
			children = (
				3A309BC424AA0BB4000C103B /* LaunchScreen.storyboard */,
				3A309BC724AA0BB4000C103B /* Info.plist */,
			);
			path = "Supporting Files";
			sourceTree = "<group>";
		};
		3A1B1BF924AB66B4004D024C /* Resources */ = {
			isa = PBXGroup;
			children = (
				3A309BC224AA0BB4000C103B /* Assets.xcassets */,
				3A95C33F24BC8838003A52B9 /* DataModel.xcdatamodeld */,
			);
			path = Resources;
			sourceTree = "<group>";
		};
		3A1B1BFA24AB66C9004D024C /* View */ = {
			isa = PBXGroup;
			children = (
				3A7BF94F24BE3E9200558675 /* TaskTable */,
				3A309BBD24AA0BB1000C103B /* ViewController.swift */,
				3A7BF96424BE43E400558675 /* Tab */,
				3AEEFFD124B35BA7006251C8 /* Calendar */,
			);
			path = View;
			sourceTree = "<group>";
		};
		3A1B1BFB24AB66D1004D024C /* Application */ = {
			isa = PBXGroup;
			children = (
				3A309BB924AA0BB1000C103B /* AppDelegate.swift */,
				3A309BBB24AA0BB1000C103B /* SceneDelegate.swift */,
			);
			path = Application;
			sourceTree = "<group>";
		};
		3A1B1BFC24AB66FA004D024C /* Model */ = {
			isa = PBXGroup;
			children = (
				3A7BF96224BE42EA00558675 /* Tab.swift */,
				3A7BF95C24BE429B00558675 /* Task.swift */,
				3A1B1C0124AB7772004D024C /* Project.swift */,
				3A95C34824BC8B73003A52B9 /* CoreData */,
			);
			path = Model;
			sourceTree = "<group>";
		};
		3A1B1BFD24AB6711004D024C /* ViewModel */ = {
			isa = PBXGroup;
			children = (
				3A7BF94E24BE3E7F00558675 /* TaskTable */,
				3AEEFFD624B35C12006251C8 /* Calendar */,
				3A7BF96524BE43F300558675 /* Tab */,
			);
			path = ViewModel;
			sourceTree = "<group>";
		};
		3A309BAD24AA0BB1000C103B = {
			isa = PBXGroup;
			children = (
				3A309BB824AA0BB1000C103B /* AnyTask */,
				3A309BB724AA0BB1000C103B /* Products */,
			);
			sourceTree = "<group>";
		};
		3A309BB724AA0BB1000C103B /* Products */ = {
			isa = PBXGroup;
			children = (
				3A309BB624AA0BB1000C103B /* AnyTask.app */,
			);
			name = Products;
			sourceTree = "<group>";
		};
		3A309BB824AA0BB1000C103B /* AnyTask */ = {
			isa = PBXGroup;
			children = (
				3A1B1BFB24AB66D1004D024C /* Application */,
				3A1B1BFA24AB66C9004D024C /* View */,
				3A1B1BFC24AB66FA004D024C /* Model */,
				3A1B1BFD24AB6711004D024C /* ViewModel */,
				3AEEFFCA24B351A4006251C8 /* Extensions */,
				3A1B1BF924AB66B4004D024C /* Resources */,
				3A1B1BF824AB6634004D024C /* Supporting Files */,
			);
			path = AnyTask;
			sourceTree = "<group>";
		};
		3A7BF94E24BE3E7F00558675 /* TaskTable */ = {
			isa = PBXGroup;
			children = (
				3A7BF94A24BDADCE00558675 /* TaskViewModel.swift */,
			);
			path = TaskTable;
			sourceTree = "<group>";
		};
		3A7BF94F24BE3E9200558675 /* TaskTable */ = {
			isa = PBXGroup;
			children = (
				3A7BF95024BE3EB900558675 /* TaskTableViewCell.swift */,
				3A7BF95124BE3EBA00558675 /* TaskTableViewController.swift */,
			);
			path = TaskTable;
			sourceTree = "<group>";
		};
		3A7BF96424BE43E400558675 /* Tab */ = {
			isa = PBXGroup;
			children = (
				3A1B1C0924ABC03C004D024C /* TabBarView.swift */,
				3AEEFFB924ADCC89006251C8 /* TabBarButtonView.swift */,
			);
			path = Tab;
			sourceTree = "<group>";
		};
		3A7BF96524BE43F300558675 /* Tab */ = {
			isa = PBXGroup;
			children = (
				3A1B1C0B24AC9933004D024C /* TabBarViewModel.swift */,
				3AEEFFBB24ADCD3A006251C8 /* TabBarButtonViewModel.swift */,
				3AEEFFBF24AE3412006251C8 /* TabButtonViewModel.swift */,
				3AEEFFC124AE3426006251C8 /* AddButtonViewModel.swift */,
			);
			path = Tab;
			sourceTree = "<group>";
		};
		3A95C34824BC8B73003A52B9 /* CoreData */ = {
			isa = PBXGroup;
			children = (
				3A95C34624BC8B69003A52B9 /* TaskManagable.swift */,
				3A95C34424BC8B1C003A52B9 /* TaskCoreDataManager.swift */,
			);
			path = CoreData;
			sourceTree = "<group>";
		};
		3AEEFFCA24B351A4006251C8 /* Extensions */ = {
			isa = PBXGroup;
			children = (
				3A7BF95E24BE42C800558675 /* NSLayoutConstraints+Helpers.swift */,
				3A7BF95F24BE42C900558675 /* UIFont+.swift */,
				3A95C34224BC8A61003A52B9 /* UUID+DataConvertable.swift */,
				3AEEFFC824B3519C006251C8 /* Date+Week.swift */,
			);
			path = Extensions;
			sourceTree = "<group>";
		};
		3AEEFFD124B35BA7006251C8 /* Calendar */ = {
			isa = PBXGroup;
			children = (
				3AEEFFE424B35F30006251C8 /* CalendarViewModel.swift */,
				3AEEFFE524B35F30006251C8 /* DayViewModel.swift */,
				3AEEFFE324B35F30006251C8 /* WeekCellViewModel.swift */,
			);
			path = Calendar;
			sourceTree = "<group>";
		};
		3AEEFFD624B35C12006251C8 /* Calendar */ = {
			isa = PBXGroup;
			children = (
				3AEEFFDD24B35F17006251C8 /* CalendarView.swift */,
				3AEEFFDE24B35F17006251C8 /* DayView.swift */,
				3AEEFFDF24B35F17006251C8 /* WeekCellView.swift */,
			);
			path = Calendar;
			sourceTree = "<group>";
		};
/* End PBXGroup section */

/* Begin PBXNativeTarget section */
		3A309BB524AA0BB1000C103B /* AnyTask */ = {
			isa = PBXNativeTarget;
			buildConfigurationList = 3A309BCA24AA0BB4000C103B /* Build configuration list for PBXNativeTarget "AnyTask" */;
			buildPhases = (
				3A309BB224AA0BB1000C103B /* Sources */,
				3A309BB324AA0BB1000C103B /* Frameworks */,
				3A309BB424AA0BB1000C103B /* Resources */,
			);
			buildRules = (
			);
			dependencies = (
			);
			name = AnyTask;
			productName = AnyTask;
			productReference = 3A309BB624AA0BB1000C103B /* AnyTask.app */;
			productType = "com.apple.product-type.application";
		};
/* End PBXNativeTarget section */

/* Begin PBXProject section */
		3A309BAE24AA0BB1000C103B /* Project object */ = {
			isa = PBXProject;
			attributes = {
				LastSwiftUpdateCheck = 1150;
				LastUpgradeCheck = 1150;
				ORGANIZATIONNAME = "Anton Tolstov";
				TargetAttributes = {
					3A309BB524AA0BB1000C103B = {
						CreatedOnToolsVersion = 11.5;
					};
				};
			};
			buildConfigurationList = 3A309BB124AA0BB1000C103B /* Build configuration list for PBXProject "AnyTask" */;
			compatibilityVersion = "Xcode 9.3";
			developmentRegion = en;
			hasScannedForEncodings = 0;
			knownRegions = (
				en,
				Base,
			);
			mainGroup = 3A309BAD24AA0BB1000C103B;
			productRefGroup = 3A309BB724AA0BB1000C103B /* Products */;
			projectDirPath = "";
			projectRoot = "";
			targets = (
				3A309BB524AA0BB1000C103B /* AnyTask */,
			);
		};
/* End PBXProject section */

/* Begin PBXResourcesBuildPhase section */
		3A309BB424AA0BB1000C103B /* Resources */ = {
			isa = PBXResourcesBuildPhase;
			buildActionMask = 2147483647;
			files = (
				3A309BC624AA0BB4000C103B /* LaunchScreen.storyboard in Resources */,
				3A309BC324AA0BB4000C103B /* Assets.xcassets in Resources */,
			);
			runOnlyForDeploymentPostprocessing = 0;
		};
/* End PBXResourcesBuildPhase section */

/* Begin PBXSourcesBuildPhase section */
		3A309BB224AA0BB1000C103B /* Sources */ = {
			isa = PBXSourcesBuildPhase;
			buildActionMask = 2147483647;
			files = (
				3A7BF95324BE3EBA00558675 /* TaskTableViewController.swift in Sources */,
				3A309BBE24AA0BB1000C103B /* ViewController.swift in Sources */,
				3A7BF94B24BDADCE00558675 /* TaskViewModel.swift in Sources */,
				3AEEFFC024AE3412006251C8 /* TabButtonViewModel.swift in Sources */,
				3A95C34524BC8B1C003A52B9 /* TaskCoreDataManager.swift in Sources */,
				3A1B1C0224AB7772004D024C /* Project.swift in Sources */,
				3A7BF95224BE3EBA00558675 /* TaskTableViewCell.swift in Sources */,
				3A95C34124BC8838003A52B9 /* DataModel.xcdatamodeld in Sources */,
				3A7BF96024BE42C900558675 /* NSLayoutConstraints+Helpers.swift in Sources */,
				3A309BBA24AA0BB1000C103B /* AppDelegate.swift in Sources */,
				3A1B1C0A24ABC03C004D024C /* TabBarView.swift in Sources */,
				3AEEFFE724B35F30006251C8 /* CalendarViewModel.swift in Sources */,
				3A7BF95D24BE429B00558675 /* Task.swift in Sources */,
				3A95C34724BC8B69003A52B9 /* TaskManagable.swift in Sources */,
				3A95C34324BC8A62003A52B9 /* UUID+DataConvertable.swift in Sources */,
				3AEEFFE824B35F30006251C8 /* DayViewModel.swift in Sources */,
				3AEEFFE124B35F17006251C8 /* DayView.swift in Sources */,
				3AEEFFBA24ADCC89006251C8 /* TabBarButtonView.swift in Sources */,
				3AEEFFE024B35F17006251C8 /* CalendarView.swift in Sources */,
				3AEEFFBC24ADCD3A006251C8 /* TabBarButtonViewModel.swift in Sources */,
				3AEEFFC224AE3426006251C8 /* AddButtonViewModel.swift in Sources */,
				3AEEFFE624B35F30006251C8 /* WeekCellViewModel.swift in Sources */,
				3AEEFFE224B35F17006251C8 /* WeekCellView.swift in Sources */,
				3A7BF96124BE42C900558675 /* UIFont+.swift in Sources */,
				3A1B1C0C24AC9933004D024C /* TabBarViewModel.swift in Sources */,
				3A309BBC24AA0BB1000C103B /* SceneDelegate.swift in Sources */,
				3AEEFFC924B3519C006251C8 /* Date+Week.swift in Sources */,
				3A7BF96324BE42EA00558675 /* Tab.swift in Sources */,
			);
			runOnlyForDeploymentPostprocessing = 0;
		};
/* End PBXSourcesBuildPhase section */

/* Begin PBXVariantGroup section */
		3A309BC424AA0BB4000C103B /* LaunchScreen.storyboard */ = {
			isa = PBXVariantGroup;
			children = (
				3A309BC524AA0BB4000C103B /* Base */,
			);
			name = LaunchScreen.storyboard;
			sourceTree = "<group>";
		};
/* End PBXVariantGroup section */

/* Begin XCBuildConfiguration section */
		3A309BC824AA0BB4000C103B /* Debug */ = {
			isa = XCBuildConfiguration;
			buildSettings = {
				ALWAYS_SEARCH_USER_PATHS = NO;
				CLANG_ANALYZER_NONNULL = YES;
				CLANG_ANALYZER_NUMBER_OBJECT_CONVERSION = YES_AGGRESSIVE;
				CLANG_CXX_LANGUAGE_STANDARD = "gnu++14";
				CLANG_CXX_LIBRARY = "libc++";
				CLANG_ENABLE_MODULES = YES;
				CLANG_ENABLE_OBJC_ARC = YES;
				CLANG_ENABLE_OBJC_WEAK = YES;
				CLANG_WARN_BLOCK_CAPTURE_AUTORELEASING = YES;
				CLANG_WARN_BOOL_CONVERSION = YES;
				CLANG_WARN_COMMA = YES;
				CLANG_WARN_CONSTANT_CONVERSION = YES;
				CLANG_WARN_DEPRECATED_OBJC_IMPLEMENTATIONS = YES;
				CLANG_WARN_DIRECT_OBJC_ISA_USAGE = YES_ERROR;
				CLANG_WARN_DOCUMENTATION_COMMENTS = YES;
				CLANG_WARN_EMPTY_BODY = YES;
				CLANG_WARN_ENUM_CONVERSION = YES;
				CLANG_WARN_INFINITE_RECURSION = YES;
				CLANG_WARN_INT_CONVERSION = YES;
				CLANG_WARN_NON_LITERAL_NULL_CONVERSION = YES;
				CLANG_WARN_OBJC_IMPLICIT_RETAIN_SELF = YES;
				CLANG_WARN_OBJC_LITERAL_CONVERSION = YES;
				CLANG_WARN_OBJC_ROOT_CLASS = YES_ERROR;
				CLANG_WARN_RANGE_LOOP_ANALYSIS = YES;
				CLANG_WARN_STRICT_PROTOTYPES = YES;
				CLANG_WARN_SUSPICIOUS_MOVE = YES;
				CLANG_WARN_UNGUARDED_AVAILABILITY = YES_AGGRESSIVE;
				CLANG_WARN_UNREACHABLE_CODE = YES;
				CLANG_WARN__DUPLICATE_METHOD_MATCH = YES;
				COPY_PHASE_STRIP = NO;
				DEBUG_INFORMATION_FORMAT = dwarf;
				ENABLE_STRICT_OBJC_MSGSEND = YES;
				ENABLE_TESTABILITY = YES;
				GCC_C_LANGUAGE_STANDARD = gnu11;
				GCC_DYNAMIC_NO_PIC = NO;
				GCC_NO_COMMON_BLOCKS = YES;
				GCC_OPTIMIZATION_LEVEL = 0;
				GCC_PREPROCESSOR_DEFINITIONS = (
					"DEBUG=1",
					"$(inherited)",
				);
				GCC_WARN_64_TO_32_BIT_CONVERSION = YES;
				GCC_WARN_ABOUT_RETURN_TYPE = YES_ERROR;
				GCC_WARN_UNDECLARED_SELECTOR = YES;
				GCC_WARN_UNINITIALIZED_AUTOS = YES_AGGRESSIVE;
				GCC_WARN_UNUSED_FUNCTION = YES;
				GCC_WARN_UNUSED_VARIABLE = YES;
				IPHONEOS_DEPLOYMENT_TARGET = 13.5;
				MTL_ENABLE_DEBUG_INFO = INCLUDE_SOURCE;
				MTL_FAST_MATH = YES;
				ONLY_ACTIVE_ARCH = YES;
				SDKROOT = iphoneos;
				SWIFT_ACTIVE_COMPILATION_CONDITIONS = DEBUG;
				SWIFT_OPTIMIZATION_LEVEL = "-Onone";
			};
			name = Debug;
		};
		3A309BC924AA0BB4000C103B /* Release */ = {
			isa = XCBuildConfiguration;
			buildSettings = {
				ALWAYS_SEARCH_USER_PATHS = NO;
				CLANG_ANALYZER_NONNULL = YES;
				CLANG_ANALYZER_NUMBER_OBJECT_CONVERSION = YES_AGGRESSIVE;
				CLANG_CXX_LANGUAGE_STANDARD = "gnu++14";
				CLANG_CXX_LIBRARY = "libc++";
				CLANG_ENABLE_MODULES = YES;
				CLANG_ENABLE_OBJC_ARC = YES;
				CLANG_ENABLE_OBJC_WEAK = YES;
				CLANG_WARN_BLOCK_CAPTURE_AUTORELEASING = YES;
				CLANG_WARN_BOOL_CONVERSION = YES;
				CLANG_WARN_COMMA = YES;
				CLANG_WARN_CONSTANT_CONVERSION = YES;
				CLANG_WARN_DEPRECATED_OBJC_IMPLEMENTATIONS = YES;
				CLANG_WARN_DIRECT_OBJC_ISA_USAGE = YES_ERROR;
				CLANG_WARN_DOCUMENTATION_COMMENTS = YES;
				CLANG_WARN_EMPTY_BODY = YES;
				CLANG_WARN_ENUM_CONVERSION = YES;
				CLANG_WARN_INFINITE_RECURSION = YES;
				CLANG_WARN_INT_CONVERSION = YES;
				CLANG_WARN_NON_LITERAL_NULL_CONVERSION = YES;
				CLANG_WARN_OBJC_IMPLICIT_RETAIN_SELF = YES;
				CLANG_WARN_OBJC_LITERAL_CONVERSION = YES;
				CLANG_WARN_OBJC_ROOT_CLASS = YES_ERROR;
				CLANG_WARN_RANGE_LOOP_ANALYSIS = YES;
				CLANG_WARN_STRICT_PROTOTYPES = YES;
				CLANG_WARN_SUSPICIOUS_MOVE = YES;
				CLANG_WARN_UNGUARDED_AVAILABILITY = YES_AGGRESSIVE;
				CLANG_WARN_UNREACHABLE_CODE = YES;
				CLANG_WARN__DUPLICATE_METHOD_MATCH = YES;
				COPY_PHASE_STRIP = NO;
				DEBUG_INFORMATION_FORMAT = "dwarf-with-dsym";
				ENABLE_NS_ASSERTIONS = NO;
				ENABLE_STRICT_OBJC_MSGSEND = YES;
				GCC_C_LANGUAGE_STANDARD = gnu11;
				GCC_NO_COMMON_BLOCKS = YES;
				GCC_WARN_64_TO_32_BIT_CONVERSION = YES;
				GCC_WARN_ABOUT_RETURN_TYPE = YES_ERROR;
				GCC_WARN_UNDECLARED_SELECTOR = YES;
				GCC_WARN_UNINITIALIZED_AUTOS = YES_AGGRESSIVE;
				GCC_WARN_UNUSED_FUNCTION = YES;
				GCC_WARN_UNUSED_VARIABLE = YES;
				IPHONEOS_DEPLOYMENT_TARGET = 13.5;
				MTL_ENABLE_DEBUG_INFO = NO;
				MTL_FAST_MATH = YES;
				SDKROOT = iphoneos;
				SWIFT_COMPILATION_MODE = wholemodule;
				SWIFT_OPTIMIZATION_LEVEL = "-O";
				VALIDATE_PRODUCT = YES;
			};
			name = Release;
		};
		3A309BCB24AA0BB4000C103B /* Debug */ = {
			isa = XCBuildConfiguration;
			buildSettings = {
				ASSETCATALOG_COMPILER_APPICON_NAME = AppIcon;
				CODE_SIGN_STYLE = Automatic;
				DEVELOPMENT_TEAM = J3B68N99HN;
				INFOPLIST_FILE = "AnyTask/Supporting Files/Info.plist";
				IPHONEOS_DEPLOYMENT_TARGET = 10.0;
				LD_RUNPATH_SEARCH_PATHS = (
					"$(inherited)",
					"@executable_path/Frameworks",
				);
				PRODUCT_BUNDLE_IDENTIFIER = com.ducksowl.AnyTask;
				PRODUCT_NAME = "$(TARGET_NAME)";
				SWIFT_VERSION = 5.0;
				TARGETED_DEVICE_FAMILY = "1,2";
			};
			name = Debug;
		};
		3A309BCC24AA0BB4000C103B /* Release */ = {
			isa = XCBuildConfiguration;
			buildSettings = {
				ASSETCATALOG_COMPILER_APPICON_NAME = AppIcon;
				CODE_SIGN_STYLE = Automatic;
				DEVELOPMENT_TEAM = J3B68N99HN;
				INFOPLIST_FILE = "AnyTask/Supporting Files/Info.plist";
				IPHONEOS_DEPLOYMENT_TARGET = 10.0;
				LD_RUNPATH_SEARCH_PATHS = (
					"$(inherited)",
					"@executable_path/Frameworks",
				);
				PRODUCT_BUNDLE_IDENTIFIER = com.ducksowl.AnyTask;
				PRODUCT_NAME = "$(TARGET_NAME)";
				SWIFT_VERSION = 5.0;
				TARGETED_DEVICE_FAMILY = "1,2";
			};
			name = Release;
		};
/* End XCBuildConfiguration section */

/* Begin XCConfigurationList section */
		3A309BB124AA0BB1000C103B /* Build configuration list for PBXProject "AnyTask" */ = {
			isa = XCConfigurationList;
			buildConfigurations = (
				3A309BC824AA0BB4000C103B /* Debug */,
				3A309BC924AA0BB4000C103B /* Release */,
			);
			defaultConfigurationIsVisible = 0;
			defaultConfigurationName = Release;
		};
		3A309BCA24AA0BB4000C103B /* Build configuration list for PBXNativeTarget "AnyTask" */ = {
			isa = XCConfigurationList;
			buildConfigurations = (
				3A309BCB24AA0BB4000C103B /* Debug */,
				3A309BCC24AA0BB4000C103B /* Release */,
			);
			defaultConfigurationIsVisible = 0;
			defaultConfigurationName = Release;
		};
/* End XCConfigurationList section */

/* Begin XCVersionGroup section */
		3A95C33F24BC8838003A52B9 /* DataModel.xcdatamodeld */ = {
			isa = XCVersionGroup;
			children = (
				3A95C34024BC8838003A52B9 /* DataModel.xcdatamodel */,
			);
			currentVersion = 3A95C34024BC8838003A52B9 /* DataModel.xcdatamodel */;
			path = DataModel.xcdatamodeld;
			sourceTree = "<group>";
			versionGroupType = wrapper.xcdatamodel;
		};
/* End XCVersionGroup section */
	};
	rootObject = 3A309BAE24AA0BB1000C103B /* Project object */;
}
