// !$*UTF8*$!
{
	archiveVersion = 1;
	classes = {
	};
	objectVersion = 52;
	objects = {

/* Begin PBXBuildFile section */
		3A09D76224F6AB5A0029A5E0 /* String+.swift in Sources */ = {isa = PBXBuildFile; fileRef = 3A09D76124F6AB5A0029A5E0 /* String+.swift */; };
		3A1B1C0224AB7772004D024C /* Project.swift in Sources */ = {isa = PBXBuildFile; fileRef = 3A1B1C0124AB7772004D024C /* Project.swift */; };
		3A309BBA24AA0BB1000C103B /* AppDelegate.swift in Sources */ = {isa = PBXBuildFile; fileRef = 3A309BB924AA0BB1000C103B /* AppDelegate.swift */; };
		3A309BC324AA0BB4000C103B /* Assets.xcassets in Resources */ = {isa = PBXBuildFile; fileRef = 3A309BC224AA0BB4000C103B /* Assets.xcassets */; };
		3A309BC624AA0BB4000C103B /* LaunchScreen.storyboard in Resources */ = {isa = PBXBuildFile; fileRef = 3A309BC424AA0BB4000C103B /* LaunchScreen.storyboard */; };
		3A6EF27024EC298E0088BD75 /* TaskItem.swift in Sources */ = {isa = PBXBuildFile; fileRef = 3A6EF26F24EC298E0088BD75 /* TaskItem.swift */; };
		3A6EF27424EC2A2F0088BD75 /* OnlySelfTapGestureRecognizer.swift in Sources */ = {isa = PBXBuildFile; fileRef = 3A6EF27324EC2A2F0088BD75 /* OnlySelfTapGestureRecognizer.swift */; };
		3A742AEF24D063D500C37684 /* Int+.swift in Sources */ = {isa = PBXBuildFile; fileRef = 3A742AEE24D063D500C37684 /* Int+.swift */; };
		3A7A898224DBD41D009C7D3D /* Task(MO)+.swift in Sources */ = {isa = PBXBuildFile; fileRef = 3A7A898124DBD41D009C7D3D /* Task(MO)+.swift */; };
		3A7A898524DBD58D009C7D3D /* Project(MO)+.swift in Sources */ = {isa = PBXBuildFile; fileRef = 3A7A898424DBD58D009C7D3D /* Project(MO)+.swift */; };
		3A7A898724DBD828009C7D3D /* CoreDataManageable.swift in Sources */ = {isa = PBXBuildFile; fileRef = 3A7A898624DBD828009C7D3D /* CoreDataManageable.swift */; };
		3A7A898F24DBE23B009C7D3D /* UIView+.swift in Sources */ = {isa = PBXBuildFile; fileRef = 3A7A898E24DBE23B009C7D3D /* UIView+.swift */; };
		3A7A899224DBE247009C7D3D /* Corner.swift in Sources */ = {isa = PBXBuildFile; fileRef = 3A7A899124DBE247009C7D3D /* Corner.swift */; };
		3A7A899B24DBE428009C7D3D /* UIViewController+.swift in Sources */ = {isa = PBXBuildFile; fileRef = 3A7A899A24DBE428009C7D3D /* UIViewController+.swift */; };
		3A7A89CA24E14336009C7D3D /* ProjectMO+CoreDataProperties.swift in Sources */ = {isa = PBXBuildFile; fileRef = 3A7A89C624E14336009C7D3D /* ProjectMO+CoreDataProperties.swift */; };
		3A7A89CB24E14336009C7D3D /* ProjectMO+CoreDataClass.swift in Sources */ = {isa = PBXBuildFile; fileRef = 3A7A89C724E14336009C7D3D /* ProjectMO+CoreDataClass.swift */; };
		3A7A89CC24E14336009C7D3D /* TaskMO+CoreDataProperties.swift in Sources */ = {isa = PBXBuildFile; fileRef = 3A7A89C824E14336009C7D3D /* TaskMO+CoreDataProperties.swift */; };
		3A7A89CD24E14336009C7D3D /* TaskMO+CoreDataClass.swift in Sources */ = {isa = PBXBuildFile; fileRef = 3A7A89C924E14336009C7D3D /* TaskMO+CoreDataClass.swift */; };
		3A7A89DB24E1979D009C7D3D /* UIImage+.swift in Sources */ = {isa = PBXBuildFile; fileRef = 3A7A89DA24E1979D009C7D3D /* UIImage+.swift */; };
		3A7A89DD24E197CC009C7D3D /* UIButton+.swift in Sources */ = {isa = PBXBuildFile; fileRef = 3A7A89DC24E197CC009C7D3D /* UIButton+.swift */; };
		3A7A89E324E198F1009C7D3D /* VerticalInsets.swift in Sources */ = {isa = PBXBuildFile; fileRef = 3A7A89E224E198F1009C7D3D /* VerticalInsets.swift */; };
		3A7BF95D24BE429B00558675 /* Task.swift in Sources */ = {isa = PBXBuildFile; fileRef = 3A7BF95C24BE429B00558675 /* Task.swift */; };
		3A7BF96124BE42C900558675 /* UIFont+.swift in Sources */ = {isa = PBXBuildFile; fileRef = 3A7BF95F24BE42C900558675 /* UIFont+.swift */; };
		3A7BF96324BE42EA00558675 /* Tab.swift in Sources */ = {isa = PBXBuildFile; fileRef = 3A7BF96224BE42EA00558675 /* Tab.swift */; };
		3A95C34124BC8838003A52B9 /* DataModel.xcdatamodeld in Sources */ = {isa = PBXBuildFile; fileRef = 3A95C33F24BC8838003A52B9 /* DataModel.xcdatamodeld */; };
		3A95C34324BC8A62003A52B9 /* UUID+.swift in Sources */ = {isa = PBXBuildFile; fileRef = 3A95C34224BC8A61003A52B9 /* UUID+.swift */; };
		3A95C34524BC8B1C003A52B9 /* TaskCoreDataManager.swift in Sources */ = {isa = PBXBuildFile; fileRef = 3A95C34424BC8B1C003A52B9 /* TaskCoreDataManager.swift */; };
		3A95C34724BC8B69003A52B9 /* DataManageable.swift in Sources */ = {isa = PBXBuildFile; fileRef = 3A95C34624BC8B69003A52B9 /* DataManageable.swift */; };
		3A9B9D3724C1DDB10092DC25 /* UIEdgeInsets+.swift in Sources */ = {isa = PBXBuildFile; fileRef = 3A9B9D3624C1DDB10092DC25 /* UIEdgeInsets+.swift */; };
		3AA7D98324FF7AE7003713E6 /* UILabel+.swift in Sources */ = {isa = PBXBuildFile; fileRef = 3AA7D98224FF7AE7003713E6 /* UILabel+.swift */; };
		3AA7D98824FF7B0D003713E6 /* Layout.swift in Sources */ = {isa = PBXBuildFile; fileRef = 3AA7D98424FF7B0D003713E6 /* Layout.swift */; };
		3AA7D98924FF7B0D003713E6 /* CornerRadius.swift in Sources */ = {isa = PBXBuildFile; fileRef = 3AA7D98524FF7B0D003713E6 /* CornerRadius.swift */; };
		3AA7D98A24FF7B0D003713E6 /* Font.swift in Sources */ = {isa = PBXBuildFile; fileRef = 3AA7D98624FF7B0D003713E6 /* Font.swift */; };
		3AA7D98B24FF7B0D003713E6 /* Color.swift in Sources */ = {isa = PBXBuildFile; fileRef = 3AA7D98724FF7B0D003713E6 /* Color.swift */; };
		3AAB33F324D2977500586F99 /* Array+.swift in Sources */ = {isa = PBXBuildFile; fileRef = 3AAB33F224D2977500586F99 /* Array+.swift */; };
		3AAB33F724D2984A00586F99 /* UIColor+.swift in Sources */ = {isa = PBXBuildFile; fileRef = 3AAB33F624D2984A00586F99 /* UIColor+.swift */; };
		3AAB33FA24D2997100586F99 /* Pin in Frameworks */ = {isa = PBXBuildFile; productRef = 3AAB33F924D2997100586F99 /* Pin */; };
		3AAB340724D2A94E00586F99 /* CoreDataManager.swift in Sources */ = {isa = PBXBuildFile; fileRef = 3AAB340624D2A94E00586F99 /* CoreDataManager.swift */; };
		3AAB340924D2AA0200586F99 /* ProjectCoreDataManager.swift in Sources */ = {isa = PBXBuildFile; fileRef = 3AAB340824D2AA0200586F99 /* ProjectCoreDataManager.swift */; };
		3AAB340C24D3056A00586F99 /* IdentifiableObject.swift in Sources */ = {isa = PBXBuildFile; fileRef = 3AAB340B24D3056A00586F99 /* IdentifiableObject.swift */; };
		3AAB340E24D30E7600586F99 /* ManagedObjectInitializable.swift in Sources */ = {isa = PBXBuildFile; fileRef = 3AAB340D24D30E7600586F99 /* ManagedObjectInitializable.swift */; };
		3ABA240124E6CE790007DC87 /* UIViewController+KeyboardNotifications.swift in Sources */ = {isa = PBXBuildFile; fileRef = 3ABA240024E6CE790007DC87 /* UIViewController+KeyboardNotifications.swift */; };
		3AD587D124FF904000502ABC /* ProjectsViewController.swift in Sources */ = {isa = PBXBuildFile; fileRef = 3AD587AC24FF904000502ABC /* ProjectsViewController.swift */; };
		3AD587D224FF904000502ABC /* ProjectsViewModel.swift in Sources */ = {isa = PBXBuildFile; fileRef = 3AD587AD24FF904000502ABC /* ProjectsViewModel.swift */; };
		3AD587D324FF904000502ABC /* ProjectsTableView.swift in Sources */ = {isa = PBXBuildFile; fileRef = 3AD587AF24FF904000502ABC /* ProjectsTableView.swift */; };
		3AD587D424FF904000502ABC /* ProjectsTableViewModel.swift in Sources */ = {isa = PBXBuildFile; fileRef = 3AD587B024FF904000502ABC /* ProjectsTableViewModel.swift */; };
		3AD587D524FF904000502ABC /* ButtonFactory.swift in Sources */ = {isa = PBXBuildFile; fileRef = 3AD587B324FF904000502ABC /* ButtonFactory.swift */; };
		3AD587D624FF904000502ABC /* SwipeableTableViewCell.swift in Sources */ = {isa = PBXBuildFile; fileRef = 3AD587B424FF904000502ABC /* SwipeableTableViewCell.swift */; };
		3AD587D724FF904000502ABC /* AddTextView.swift in Sources */ = {isa = PBXBuildFile; fileRef = 3AD587B524FF904000502ABC /* AddTextView.swift */; };
		3AD587D824FF904000502ABC /* TextField.swift in Sources */ = {isa = PBXBuildFile; fileRef = 3AD587B624FF904000502ABC /* TextField.swift */; };
		3AD587D924FF904000502ABC /* BottomExpandingView.swift in Sources */ = {isa = PBXBuildFile; fileRef = 3AD587B724FF904000502ABC /* BottomExpandingView.swift */; };
		3AD587DA24FF904000502ABC /* BackDelegate.swift in Sources */ = {isa = PBXBuildFile; fileRef = 3AD587B924FF904000502ABC /* BackDelegate.swift */; };
		3AD587DB24FF904000502ABC /* Delegate.swift in Sources */ = {isa = PBXBuildFile; fileRef = 3AD587BA24FF904000502ABC /* Delegate.swift */; };
		3AD587DC24FF904000502ABC /* UpdateDelegate.swift in Sources */ = {isa = PBXBuildFile; fileRef = 3AD587BB24FF904000502ABC /* UpdateDelegate.swift */; };
		3AD587DD24FF904000502ABC /* ContentViewModel.swift in Sources */ = {isa = PBXBuildFile; fileRef = 3AD587BD24FF904000502ABC /* ContentViewModel.swift */; };
		3AD587DE24FF904000502ABC /* ContentView.swift in Sources */ = {isa = PBXBuildFile; fileRef = 3AD587BE24FF904000502ABC /* ContentView.swift */; };
		3AD587DF24FF904000502ABC /* ProjectViewModel.swift in Sources */ = {isa = PBXBuildFile; fileRef = 3AD587C024FF904000502ABC /* ProjectViewModel.swift */; };
		3AD587E024FF904000502ABC /* TaskCellView.swift in Sources */ = {isa = PBXBuildFile; fileRef = 3AD587C224FF904000502ABC /* TaskCellView.swift */; };
		3AD587E124FF904000502ABC /* TaskViewModel.swift in Sources */ = {isa = PBXBuildFile; fileRef = 3AD587C324FF904000502ABC /* TaskViewModel.swift */; };
		3AD587E224FF904000502ABC /* ProjectViewController.swift in Sources */ = {isa = PBXBuildFile; fileRef = 3AD587C424FF904000502ABC /* ProjectViewController.swift */; };
		3AD587E324FF904000502ABC /* TopBarView.swift in Sources */ = {isa = PBXBuildFile; fileRef = 3AD587C624FF904000502ABC /* TopBarView.swift */; };
		3AD587E424FF904000502ABC /* ProjectTopBarView.swift in Sources */ = {isa = PBXBuildFile; fileRef = 3AD587C724FF904000502ABC /* ProjectTopBarView.swift */; };
		3AD587E524FF904000502ABC /* TaskItemCellView.swift in Sources */ = {isa = PBXBuildFile; fileRef = 3AD587CA24FF904000502ABC /* TaskItemCellView.swift */; };
		3AD587E624FF904000502ABC /* TaskItemViewModel.swift in Sources */ = {isa = PBXBuildFile; fileRef = 3AD587CB24FF904000502ABC /* TaskItemViewModel.swift */; };
		3AD587E724FF904000502ABC /* AddTaskViewModel.swift in Sources */ = {isa = PBXBuildFile; fileRef = 3AD587CC24FF904000502ABC /* AddTaskViewModel.swift */; };
		3AD587E824FF904000502ABC /* AddTaskViewController.swift in Sources */ = {isa = PBXBuildFile; fileRef = 3AD587CD24FF904000502ABC /* AddTaskViewController.swift */; };
		3AD587E924FF904000502ABC /* DatePickerViewController.swift in Sources */ = {isa = PBXBuildFile; fileRef = 3AD587CF24FF904000502ABC /* DatePickerViewController.swift */; };
		3AD587EA24FF904000502ABC /* ProjectPickerViewController.swift in Sources */ = {isa = PBXBuildFile; fileRef = 3AD587D024FF904000502ABC /* ProjectPickerViewController.swift */; };
		3AD587ED24FF90D800502ABC /* Date+.swift in Sources */ = {isa = PBXBuildFile; fileRef = 3AD587EB24FF90D700502ABC /* Date+.swift */; };
		3AD587EE24FF90D800502ABC /* StringInterpolation+.swift in Sources */ = {isa = PBXBuildFile; fileRef = 3AD587EC24FF90D700502ABC /* StringInterpolation+.swift */; };
/* End PBXBuildFile section */

/* Begin PBXFileReference section */
		3A09D76124F6AB5A0029A5E0 /* String+.swift */ = {isa = PBXFileReference; lastKnownFileType = sourcecode.swift; path = "String+.swift"; sourceTree = "<group>"; };
		3A1B1C0124AB7772004D024C /* Project.swift */ = {isa = PBXFileReference; lastKnownFileType = sourcecode.swift; path = Project.swift; sourceTree = "<group>"; };
		3A309BB624AA0BB1000C103B /* AnyTask.app */ = {isa = PBXFileReference; explicitFileType = wrapper.application; includeInIndex = 0; path = AnyTask.app; sourceTree = BUILT_PRODUCTS_DIR; };
		3A309BB924AA0BB1000C103B /* AppDelegate.swift */ = {isa = PBXFileReference; lastKnownFileType = sourcecode.swift; path = AppDelegate.swift; sourceTree = "<group>"; };
		3A309BC224AA0BB4000C103B /* Assets.xcassets */ = {isa = PBXFileReference; lastKnownFileType = folder.assetcatalog; path = Assets.xcassets; sourceTree = "<group>"; };
		3A309BC524AA0BB4000C103B /* Base */ = {isa = PBXFileReference; lastKnownFileType = file.storyboard; name = Base; path = Base.lproj/LaunchScreen.storyboard; sourceTree = "<group>"; };
		3A309BC724AA0BB4000C103B /* Info.plist */ = {isa = PBXFileReference; lastKnownFileType = text.plist.xml; path = Info.plist; sourceTree = "<group>"; };
		3A6EF26F24EC298E0088BD75 /* TaskItem.swift */ = {isa = PBXFileReference; lastKnownFileType = sourcecode.swift; path = TaskItem.swift; sourceTree = "<group>"; };
		3A6EF27324EC2A2F0088BD75 /* OnlySelfTapGestureRecognizer.swift */ = {isa = PBXFileReference; fileEncoding = 4; lastKnownFileType = sourcecode.swift; path = OnlySelfTapGestureRecognizer.swift; sourceTree = "<group>"; };
		3A742AEE24D063D500C37684 /* Int+.swift */ = {isa = PBXFileReference; fileEncoding = 4; lastKnownFileType = sourcecode.swift; path = "Int+.swift"; sourceTree = "<group>"; };
		3A7A898124DBD41D009C7D3D /* Task(MO)+.swift */ = {isa = PBXFileReference; lastKnownFileType = sourcecode.swift; path = "Task(MO)+.swift"; sourceTree = "<group>"; };
		3A7A898424DBD58D009C7D3D /* Project(MO)+.swift */ = {isa = PBXFileReference; lastKnownFileType = sourcecode.swift; path = "Project(MO)+.swift"; sourceTree = "<group>"; };
		3A7A898624DBD828009C7D3D /* CoreDataManageable.swift */ = {isa = PBXFileReference; fileEncoding = 4; lastKnownFileType = sourcecode.swift; path = CoreDataManageable.swift; sourceTree = "<group>"; };
		3A7A898E24DBE23B009C7D3D /* UIView+.swift */ = {isa = PBXFileReference; fileEncoding = 4; lastKnownFileType = sourcecode.swift; path = "UIView+.swift"; sourceTree = "<group>"; };
		3A7A899124DBE247009C7D3D /* Corner.swift */ = {isa = PBXFileReference; fileEncoding = 4; lastKnownFileType = sourcecode.swift; path = Corner.swift; sourceTree = "<group>"; };
		3A7A899A24DBE428009C7D3D /* UIViewController+.swift */ = {isa = PBXFileReference; lastKnownFileType = sourcecode.swift; path = "UIViewController+.swift"; sourceTree = "<group>"; };
		3A7A89C624E14336009C7D3D /* ProjectMO+CoreDataProperties.swift */ = {isa = PBXFileReference; fileEncoding = 4; lastKnownFileType = sourcecode.swift; path = "ProjectMO+CoreDataProperties.swift"; sourceTree = "<group>"; };
		3A7A89C724E14336009C7D3D /* ProjectMO+CoreDataClass.swift */ = {isa = PBXFileReference; fileEncoding = 4; lastKnownFileType = sourcecode.swift; path = "ProjectMO+CoreDataClass.swift"; sourceTree = "<group>"; };
		3A7A89C824E14336009C7D3D /* TaskMO+CoreDataProperties.swift */ = {isa = PBXFileReference; fileEncoding = 4; lastKnownFileType = sourcecode.swift; path = "TaskMO+CoreDataProperties.swift"; sourceTree = "<group>"; };
		3A7A89C924E14336009C7D3D /* TaskMO+CoreDataClass.swift */ = {isa = PBXFileReference; fileEncoding = 4; lastKnownFileType = sourcecode.swift; path = "TaskMO+CoreDataClass.swift"; sourceTree = "<group>"; };
		3A7A89DA24E1979D009C7D3D /* UIImage+.swift */ = {isa = PBXFileReference; fileEncoding = 4; lastKnownFileType = sourcecode.swift; path = "UIImage+.swift"; sourceTree = "<group>"; };
		3A7A89DC24E197CC009C7D3D /* UIButton+.swift */ = {isa = PBXFileReference; fileEncoding = 4; lastKnownFileType = sourcecode.swift; path = "UIButton+.swift"; sourceTree = "<group>"; };
		3A7A89E224E198F1009C7D3D /* VerticalInsets.swift */ = {isa = PBXFileReference; fileEncoding = 4; lastKnownFileType = sourcecode.swift; path = VerticalInsets.swift; sourceTree = "<group>"; };
		3A7BF95C24BE429B00558675 /* Task.swift */ = {isa = PBXFileReference; fileEncoding = 4; lastKnownFileType = sourcecode.swift; path = Task.swift; sourceTree = "<group>"; };
		3A7BF95F24BE42C900558675 /* UIFont+.swift */ = {isa = PBXFileReference; fileEncoding = 4; lastKnownFileType = sourcecode.swift; path = "UIFont+.swift"; sourceTree = "<group>"; };
		3A7BF96224BE42EA00558675 /* Tab.swift */ = {isa = PBXFileReference; fileEncoding = 4; lastKnownFileType = sourcecode.swift; path = Tab.swift; sourceTree = "<group>"; };
		3A95C34024BC8838003A52B9 /* DataModel.xcdatamodel */ = {isa = PBXFileReference; lastKnownFileType = wrapper.xcdatamodel; path = DataModel.xcdatamodel; sourceTree = "<group>"; };
		3A95C34224BC8A61003A52B9 /* UUID+.swift */ = {isa = PBXFileReference; lastKnownFileType = sourcecode.swift; name = "UUID+.swift"; path = "AnyTask/Extensions/UUID+.swift"; sourceTree = SOURCE_ROOT; };
		3A95C34424BC8B1C003A52B9 /* TaskCoreDataManager.swift */ = {isa = PBXFileReference; lastKnownFileType = sourcecode.swift; path = TaskCoreDataManager.swift; sourceTree = "<group>"; };
		3A95C34624BC8B69003A52B9 /* DataManageable.swift */ = {isa = PBXFileReference; lastKnownFileType = sourcecode.swift; path = DataManageable.swift; sourceTree = "<group>"; };
		3A9B9D3624C1DDB10092DC25 /* UIEdgeInsets+.swift */ = {isa = PBXFileReference; fileEncoding = 4; lastKnownFileType = sourcecode.swift; path = "UIEdgeInsets+.swift"; sourceTree = "<group>"; };
		3AA7D98224FF7AE7003713E6 /* UILabel+.swift */ = {isa = PBXFileReference; fileEncoding = 4; lastKnownFileType = sourcecode.swift; path = "UILabel+.swift"; sourceTree = "<group>"; };
		3AA7D98424FF7B0D003713E6 /* Layout.swift */ = {isa = PBXFileReference; fileEncoding = 4; lastKnownFileType = sourcecode.swift; path = Layout.swift; sourceTree = "<group>"; };
		3AA7D98524FF7B0D003713E6 /* CornerRadius.swift */ = {isa = PBXFileReference; fileEncoding = 4; lastKnownFileType = sourcecode.swift; path = CornerRadius.swift; sourceTree = "<group>"; };
		3AA7D98624FF7B0D003713E6 /* Font.swift */ = {isa = PBXFileReference; fileEncoding = 4; lastKnownFileType = sourcecode.swift; path = Font.swift; sourceTree = "<group>"; };
		3AA7D98724FF7B0D003713E6 /* Color.swift */ = {isa = PBXFileReference; fileEncoding = 4; lastKnownFileType = sourcecode.swift; path = Color.swift; sourceTree = "<group>"; };
		3AAB33C924D2972A00586F99 /* DayViewModel.swift */ = {isa = PBXFileReference; fileEncoding = 4; lastKnownFileType = sourcecode.swift; path = DayViewModel.swift; sourceTree = "<group>"; };
		3AAB33CA24D2972A00586F99 /* CalendarViewModel.swift */ = {isa = PBXFileReference; fileEncoding = 4; lastKnownFileType = sourcecode.swift; path = CalendarViewModel.swift; sourceTree = "<group>"; };
		3AAB33CB24D2972A00586F99 /* WeekCellViewModel.swift */ = {isa = PBXFileReference; fileEncoding = 4; lastKnownFileType = sourcecode.swift; path = WeekCellViewModel.swift; sourceTree = "<group>"; };
		3AAB33CD24D2972A00586F99 /* WeekCellView.swift */ = {isa = PBXFileReference; fileEncoding = 4; lastKnownFileType = sourcecode.swift; path = WeekCellView.swift; sourceTree = "<group>"; };
		3AAB33CE24D2972A00586F99 /* CalendarView.swift */ = {isa = PBXFileReference; fileEncoding = 4; lastKnownFileType = sourcecode.swift; path = CalendarView.swift; sourceTree = "<group>"; };
		3AAB33CF24D2972A00586F99 /* DayView.swift */ = {isa = PBXFileReference; fileEncoding = 4; lastKnownFileType = sourcecode.swift; path = DayView.swift; sourceTree = "<group>"; };
		3AAB33F224D2977500586F99 /* Array+.swift */ = {isa = PBXFileReference; fileEncoding = 4; lastKnownFileType = sourcecode.swift; path = "Array+.swift"; sourceTree = "<group>"; };
		3AAB33F624D2984A00586F99 /* UIColor+.swift */ = {isa = PBXFileReference; fileEncoding = 4; lastKnownFileType = sourcecode.swift; path = "UIColor+.swift"; sourceTree = "<group>"; };
		3AAB340624D2A94E00586F99 /* CoreDataManager.swift */ = {isa = PBXFileReference; lastKnownFileType = sourcecode.swift; path = CoreDataManager.swift; sourceTree = "<group>"; };
		3AAB340824D2AA0200586F99 /* ProjectCoreDataManager.swift */ = {isa = PBXFileReference; lastKnownFileType = sourcecode.swift; path = ProjectCoreDataManager.swift; sourceTree = "<group>"; };
		3AAB340B24D3056A00586F99 /* IdentifiableObject.swift */ = {isa = PBXFileReference; lastKnownFileType = sourcecode.swift; path = IdentifiableObject.swift; sourceTree = "<group>"; };
		3AAB340D24D30E7600586F99 /* ManagedObjectInitializable.swift */ = {isa = PBXFileReference; lastKnownFileType = sourcecode.swift; path = ManagedObjectInitializable.swift; sourceTree = "<group>"; };
		3ABA240024E6CE790007DC87 /* UIViewController+KeyboardNotifications.swift */ = {isa = PBXFileReference; lastKnownFileType = sourcecode.swift; path = "UIViewController+KeyboardNotifications.swift"; sourceTree = "<group>"; };
		3AD587AC24FF904000502ABC /* ProjectsViewController.swift */ = {isa = PBXFileReference; fileEncoding = 4; lastKnownFileType = sourcecode.swift; path = ProjectsViewController.swift; sourceTree = "<group>"; };
		3AD587AD24FF904000502ABC /* ProjectsViewModel.swift */ = {isa = PBXFileReference; fileEncoding = 4; lastKnownFileType = sourcecode.swift; path = ProjectsViewModel.swift; sourceTree = "<group>"; };
		3AD587AF24FF904000502ABC /* ProjectsTableView.swift */ = {isa = PBXFileReference; fileEncoding = 4; lastKnownFileType = sourcecode.swift; path = ProjectsTableView.swift; sourceTree = "<group>"; };
		3AD587B024FF904000502ABC /* ProjectsTableViewModel.swift */ = {isa = PBXFileReference; fileEncoding = 4; lastKnownFileType = sourcecode.swift; path = ProjectsTableViewModel.swift; sourceTree = "<group>"; };
		3AD587B324FF904000502ABC /* ButtonFactory.swift */ = {isa = PBXFileReference; fileEncoding = 4; lastKnownFileType = sourcecode.swift; path = ButtonFactory.swift; sourceTree = "<group>"; };
		3AD587B424FF904000502ABC /* SwipeableTableViewCell.swift */ = {isa = PBXFileReference; fileEncoding = 4; lastKnownFileType = sourcecode.swift; path = SwipeableTableViewCell.swift; sourceTree = "<group>"; };
		3AD587B524FF904000502ABC /* AddTextView.swift */ = {isa = PBXFileReference; fileEncoding = 4; lastKnownFileType = sourcecode.swift; path = AddTextView.swift; sourceTree = "<group>"; };
		3AD587B624FF904000502ABC /* TextField.swift */ = {isa = PBXFileReference; fileEncoding = 4; lastKnownFileType = sourcecode.swift; path = TextField.swift; sourceTree = "<group>"; };
		3AD587B724FF904000502ABC /* BottomExpandingView.swift */ = {isa = PBXFileReference; fileEncoding = 4; lastKnownFileType = sourcecode.swift; path = BottomExpandingView.swift; sourceTree = "<group>"; };
		3AD587B924FF904000502ABC /* BackDelegate.swift */ = {isa = PBXFileReference; fileEncoding = 4; lastKnownFileType = sourcecode.swift; path = BackDelegate.swift; sourceTree = "<group>"; };
		3AD587BA24FF904000502ABC /* Delegate.swift */ = {isa = PBXFileReference; fileEncoding = 4; lastKnownFileType = sourcecode.swift; path = Delegate.swift; sourceTree = "<group>"; };
		3AD587BB24FF904000502ABC /* UpdateDelegate.swift */ = {isa = PBXFileReference; fileEncoding = 4; lastKnownFileType = sourcecode.swift; path = UpdateDelegate.swift; sourceTree = "<group>"; };
		3AD587BD24FF904000502ABC /* ContentViewModel.swift */ = {isa = PBXFileReference; fileEncoding = 4; lastKnownFileType = sourcecode.swift; path = ContentViewModel.swift; sourceTree = "<group>"; };
		3AD587BE24FF904000502ABC /* ContentView.swift */ = {isa = PBXFileReference; fileEncoding = 4; lastKnownFileType = sourcecode.swift; path = ContentView.swift; sourceTree = "<group>"; };
		3AD587C024FF904000502ABC /* ProjectViewModel.swift */ = {isa = PBXFileReference; fileEncoding = 4; lastKnownFileType = sourcecode.swift; path = ProjectViewModel.swift; sourceTree = "<group>"; };
		3AD587C224FF904000502ABC /* TaskCellView.swift */ = {isa = PBXFileReference; fileEncoding = 4; lastKnownFileType = sourcecode.swift; path = TaskCellView.swift; sourceTree = "<group>"; };
		3AD587C324FF904000502ABC /* TaskViewModel.swift */ = {isa = PBXFileReference; fileEncoding = 4; lastKnownFileType = sourcecode.swift; path = TaskViewModel.swift; sourceTree = "<group>"; };
		3AD587C424FF904000502ABC /* ProjectViewController.swift */ = {isa = PBXFileReference; fileEncoding = 4; lastKnownFileType = sourcecode.swift; path = ProjectViewController.swift; sourceTree = "<group>"; };
		3AD587C624FF904000502ABC /* TopBarView.swift */ = {isa = PBXFileReference; fileEncoding = 4; lastKnownFileType = sourcecode.swift; path = TopBarView.swift; sourceTree = "<group>"; };
		3AD587C724FF904000502ABC /* ProjectTopBarView.swift */ = {isa = PBXFileReference; fileEncoding = 4; lastKnownFileType = sourcecode.swift; path = ProjectTopBarView.swift; sourceTree = "<group>"; };
		3AD587CA24FF904000502ABC /* TaskItemCellView.swift */ = {isa = PBXFileReference; fileEncoding = 4; lastKnownFileType = sourcecode.swift; path = TaskItemCellView.swift; sourceTree = "<group>"; };
		3AD587CB24FF904000502ABC /* TaskItemViewModel.swift */ = {isa = PBXFileReference; fileEncoding = 4; lastKnownFileType = sourcecode.swift; path = TaskItemViewModel.swift; sourceTree = "<group>"; };
		3AD587CC24FF904000502ABC /* AddTaskViewModel.swift */ = {isa = PBXFileReference; fileEncoding = 4; lastKnownFileType = sourcecode.swift; path = AddTaskViewModel.swift; sourceTree = "<group>"; };
		3AD587CD24FF904000502ABC /* AddTaskViewController.swift */ = {isa = PBXFileReference; fileEncoding = 4; lastKnownFileType = sourcecode.swift; path = AddTaskViewController.swift; sourceTree = "<group>"; };
		3AD587CF24FF904000502ABC /* DatePickerViewController.swift */ = {isa = PBXFileReference; fileEncoding = 4; lastKnownFileType = sourcecode.swift; path = DatePickerViewController.swift; sourceTree = "<group>"; };
		3AD587D024FF904000502ABC /* ProjectPickerViewController.swift */ = {isa = PBXFileReference; fileEncoding = 4; lastKnownFileType = sourcecode.swift; path = ProjectPickerViewController.swift; sourceTree = "<group>"; };
		3AD587EB24FF90D700502ABC /* Date+.swift */ = {isa = PBXFileReference; fileEncoding = 4; lastKnownFileType = sourcecode.swift; path = "Date+.swift"; sourceTree = "<group>"; };
		3AD587EC24FF90D700502ABC /* StringInterpolation+.swift */ = {isa = PBXFileReference; fileEncoding = 4; lastKnownFileType = sourcecode.swift; path = "StringInterpolation+.swift"; sourceTree = "<group>"; };
/* End PBXFileReference section */

/* Begin PBXFrameworksBuildPhase section */
		3A309BB324AA0BB1000C103B /* Frameworks */ = {
			isa = PBXFrameworksBuildPhase;
			buildActionMask = 2147483647;
			files = (
				3AAB33FA24D2997100586F99 /* Pin in Frameworks */,
			);
			runOnlyForDeploymentPostprocessing = 0;
		};
/* End PBXFrameworksBuildPhase section */

/* Begin PBXGroup section */
		3A1B1BF824AB6634004D024C /* Supporting Files */ = {
			isa = PBXGroup;
			children = (
				3A309BC424AA0BB4000C103B /* LaunchScreen.storyboard */,
				3A309BC724AA0BB4000C103B /* Info.plist */,
			);
			path = "Supporting Files";
			sourceTree = "<group>";
		};
		3A1B1BF924AB66B4004D024C /* Resources */ = {
			isa = PBXGroup;
			children = (
				3A309BC224AA0BB4000C103B /* Assets.xcassets */,
				3A95C33F24BC8838003A52B9 /* DataModel.xcdatamodeld */,
			);
			path = Resources;
			sourceTree = "<group>";
		};
		3A1B1BFB24AB66D1004D024C /* Application */ = {
			isa = PBXGroup;
			children = (
				3A309BB924AA0BB1000C103B /* AppDelegate.swift */,
			);
			path = Application;
			sourceTree = "<group>";
		};
		3A1B1BFC24AB66FA004D024C /* Model */ = {
			isa = PBXGroup;
			children = (
				3A7BF96224BE42EA00558675 /* Tab.swift */,
				3A6EF26F24EC298E0088BD75 /* TaskItem.swift */,
				3AAB33F424D297F600586F99 /* Task */,
				3A95C34824BC8B73003A52B9 /* CoreData */,
			);
			path = Model;
			sourceTree = "<group>";
		};
		3A309BAD24AA0BB1000C103B = {
			isa = PBXGroup;
			children = (
				3A309BB824AA0BB1000C103B /* AnyTask */,
				3A309BB724AA0BB1000C103B /* Products */,
			);
			sourceTree = "<group>";
		};
		3A309BB724AA0BB1000C103B /* Products */ = {
			isa = PBXGroup;
			children = (
				3A309BB624AA0BB1000C103B /* AnyTask.app */,
			);
			name = Products;
			sourceTree = "<group>";
		};
		3A309BB824AA0BB1000C103B /* AnyTask */ = {
			isa = PBXGroup;
			children = (
				3A1B1BFB24AB66D1004D024C /* Application */,
				3AD587AA24FF904000502ABC /* Screens */,
				3A1B1BFC24AB66FA004D024C /* Model */,
				3AEEFFCA24B351A4006251C8 /* Extensions */,
				3A7A899024DBE247009C7D3D /* Helpers */,
				3A1B1BF924AB66B4004D024C /* Resources */,
				3A1B1BF824AB6634004D024C /* Supporting Files */,
				3AA7D98C24FF7C3A003713E6 /* Archived */,
			);
			path = AnyTask;
			sourceTree = "<group>";
		};
		3A7A898024DBD3BD009C7D3D /* TaskCoreDataManager */ = {
			isa = PBXGroup;
			children = (
				3A95C34424BC8B1C003A52B9 /* TaskCoreDataManager.swift */,
				3A7A898124DBD41D009C7D3D /* Task(MO)+.swift */,
			);
			path = TaskCoreDataManager;
			sourceTree = "<group>";
		};
		3A7A898324DBD55F009C7D3D /* ProjectCoreDataManager */ = {
			isa = PBXGroup;
			children = (
				3AAB340824D2AA0200586F99 /* ProjectCoreDataManager.swift */,
				3A7A898424DBD58D009C7D3D /* Project(MO)+.swift */,
			);
			path = ProjectCoreDataManager;
			sourceTree = "<group>";
		};
		3A7A899024DBE247009C7D3D /* Helpers */ = {
			isa = PBXGroup;
			children = (
				3AA7D98124FF7A48003713E6 /* Singletones */,
				3A7A899124DBE247009C7D3D /* Corner.swift */,
				3A6EF27324EC2A2F0088BD75 /* OnlySelfTapGestureRecognizer.swift */,
				3A7A89E224E198F1009C7D3D /* VerticalInsets.swift */,
			);
			name = Helpers;
			path = AnyTask/Helpers;
			sourceTree = SOURCE_ROOT;
		};
		3A7A89C524E142A7009C7D3D /* ManagedObjects */ = {
			isa = PBXGroup;
			children = (
				3A7A89C724E14336009C7D3D /* ProjectMO+CoreDataClass.swift */,
				3A7A89C624E14336009C7D3D /* ProjectMO+CoreDataProperties.swift */,
				3A7A89C924E14336009C7D3D /* TaskMO+CoreDataClass.swift */,
				3A7A89C824E14336009C7D3D /* TaskMO+CoreDataProperties.swift */,
			);
			path = ManagedObjects;
			sourceTree = "<group>";
		};
		3A95C34824BC8B73003A52B9 /* CoreData */ = {
			isa = PBXGroup;
			children = (
				3A7A89C524E142A7009C7D3D /* ManagedObjects */,
				3AAB340A24D2ABCE00586F99 /* Protocols */,
				3AAB340624D2A94E00586F99 /* CoreDataManager.swift */,
				3A7A898024DBD3BD009C7D3D /* TaskCoreDataManager */,
				3A7A898324DBD55F009C7D3D /* ProjectCoreDataManager */,
			);
			path = CoreData;
			sourceTree = "<group>";
		};
		3AA7D98124FF7A48003713E6 /* Singletones */ = {
			isa = PBXGroup;
			children = (
				3AA7D98724FF7B0D003713E6 /* Color.swift */,
				3AA7D98524FF7B0D003713E6 /* CornerRadius.swift */,
				3AA7D98624FF7B0D003713E6 /* Font.swift */,
				3AA7D98424FF7B0D003713E6 /* Layout.swift */,
			);
			path = Singletones;
			sourceTree = "<group>";
		};
		3AA7D98C24FF7C3A003713E6 /* Archived */ = {
			isa = PBXGroup;
			children = (
				3AAB33C724D2972A00586F99 /* Calendar */,
			);
			path = Archived;
			sourceTree = "<group>";
		};
		3AAB33C724D2972A00586F99 /* Calendar */ = {
			isa = PBXGroup;
			children = (
				3AAB33CC24D2972A00586F99 /* View */,
				3AAB33C824D2972A00586F99 /* ViewModel */,
			);
			path = Calendar;
			sourceTree = "<group>";
		};
		3AAB33C824D2972A00586F99 /* ViewModel */ = {
			isa = PBXGroup;
			children = (
				3AAB33C924D2972A00586F99 /* DayViewModel.swift */,
				3AAB33CB24D2972A00586F99 /* WeekCellViewModel.swift */,
				3AAB33CA24D2972A00586F99 /* CalendarViewModel.swift */,
			);
			path = ViewModel;
			sourceTree = "<group>";
		};
		3AAB33CC24D2972A00586F99 /* View */ = {
			isa = PBXGroup;
			children = (
				3AAB33CF24D2972A00586F99 /* DayView.swift */,
				3AAB33CD24D2972A00586F99 /* WeekCellView.swift */,
				3AAB33CE24D2972A00586F99 /* CalendarView.swift */,
			);
			path = View;
			sourceTree = "<group>";
		};
		3AAB33F424D297F600586F99 /* Task */ = {
			isa = PBXGroup;
			children = (
				3A7BF95C24BE429B00558675 /* Task.swift */,
				3A1B1C0124AB7772004D024C /* Project.swift */,
			);
			path = Task;
			sourceTree = "<group>";
		};
		3AAB33F524D2981E00586F99 /* UIKit */ = {
			isa = PBXGroup;
			children = (
				3A7A89DC24E197CC009C7D3D /* UIButton+.swift */,
				3AAB33F624D2984A00586F99 /* UIColor+.swift */,
				3A9B9D3624C1DDB10092DC25 /* UIEdgeInsets+.swift */,
				3A7BF95F24BE42C900558675 /* UIFont+.swift */,
				3A7A89DA24E1979D009C7D3D /* UIImage+.swift */,
				3AA7D98224FF7AE7003713E6 /* UILabel+.swift */,
				3ABA240224E6CEC60007DC87 /* UIResponder */,
			);
			path = UIKit;
			sourceTree = "<group>";
		};
		3AAB340A24D2ABCE00586F99 /* Protocols */ = {
			isa = PBXGroup;
			children = (
				3A7A898624DBD828009C7D3D /* CoreDataManageable.swift */,
				3A95C34624BC8B69003A52B9 /* DataManageable.swift */,
				3AAB340D24D30E7600586F99 /* ManagedObjectInitializable.swift */,
				3AAB340B24D3056A00586F99 /* IdentifiableObject.swift */,
			);
			path = Protocols;
			sourceTree = "<group>";
		};
		3ABA240224E6CEC60007DC87 /* UIResponder */ = {
			isa = PBXGroup;
			children = (
				3A7A898E24DBE23B009C7D3D /* UIView+.swift */,
				3A7A899A24DBE428009C7D3D /* UIViewController+.swift */,
				3ABA240024E6CE790007DC87 /* UIViewController+KeyboardNotifications.swift */,
			);
			path = UIResponder;
			sourceTree = "<group>";
		};
		3AD587AA24FF904000502ABC /* Screens */ = {
			isa = PBXGroup;
			children = (
				3AD587C524FF904000502ABC /* TopBar */,
				3AD587BC24FF904000502ABC /* Content */,
				3AD587AB24FF904000502ABC /* Projects */,
				3AD587BF24FF904000502ABC /* Project */,
				3AD587C824FF904000502ABC /* AddTask */,
				3AD587B124FF904000502ABC /* Other */,
			);
			name = Screens;
			path = AnyTask/Screens;
			sourceTree = SOURCE_ROOT;
		};
		3AD587AB24FF904000502ABC /* Projects */ = {
			isa = PBXGroup;
			children = (
				3AD587AC24FF904000502ABC /* ProjectsViewController.swift */,
				3AD587AD24FF904000502ABC /* ProjectsViewModel.swift */,
				3AD587AE24FF904000502ABC /* ProjectsTable */,
			);
			path = Projects;
			sourceTree = "<group>";
		};
		3AD587AE24FF904000502ABC /* ProjectsTable */ = {
			isa = PBXGroup;
			children = (
				3AD587AF24FF904000502ABC /* ProjectsTableView.swift */,
				3AD587B024FF904000502ABC /* ProjectsTableViewModel.swift */,
			);
			path = ProjectsTable;
			sourceTree = "<group>";
		};
		3AD587B124FF904000502ABC /* Other */ = {
			isa = PBXGroup;
			children = (
				3AD587B224FF904000502ABC /* CustomViews */,
				3AD587B824FF904000502ABC /* Delegates */,
			);
			path = Other;
			sourceTree = "<group>";
		};
		3AD587B224FF904000502ABC /* CustomViews */ = {
			isa = PBXGroup;
			children = (
				3AD587B524FF904000502ABC /* AddTextView.swift */,
				3AD587B724FF904000502ABC /* BottomExpandingView.swift */,
				3AD587B324FF904000502ABC /* ButtonFactory.swift */,
				3AD587B424FF904000502ABC /* SwipeableTableViewCell.swift */,
				3AD587B624FF904000502ABC /* TextField.swift */,
			);
			path = CustomViews;
			sourceTree = "<group>";
		};
		3AD587B824FF904000502ABC /* Delegates */ = {
			isa = PBXGroup;
			children = (
				3AD587BA24FF904000502ABC /* Delegate.swift */,
				3AD587B924FF904000502ABC /* BackDelegate.swift */,
				3AD587BB24FF904000502ABC /* UpdateDelegate.swift */,
			);
			path = Delegates;
			sourceTree = "<group>";
		};
		3AD587BC24FF904000502ABC /* Content */ = {
			isa = PBXGroup;
			children = (
				3AD587BE24FF904000502ABC /* ContentView.swift */,
				3AD587BD24FF904000502ABC /* ContentViewModel.swift */,
			);
			path = Content;
			sourceTree = "<group>";
		};
		3AD587BF24FF904000502ABC /* Project */ = {
			isa = PBXGroup;
			children = (
				3AD587C424FF904000502ABC /* ProjectViewController.swift */,
				3AD587C024FF904000502ABC /* ProjectViewModel.swift */,
				3AD587C124FF904000502ABC /* TaskCell */,
			);
			path = Project;
			sourceTree = "<group>";
		};
		3AD587C124FF904000502ABC /* TaskCell */ = {
			isa = PBXGroup;
			children = (
				3AD587C224FF904000502ABC /* TaskCellView.swift */,
				3AD587C324FF904000502ABC /* TaskViewModel.swift */,
			);
			path = TaskCell;
			sourceTree = "<group>";
		};
		3AD587C524FF904000502ABC /* TopBar */ = {
			isa = PBXGroup;
			children = (
				3AD587C624FF904000502ABC /* TopBarView.swift */,
				3AD587C724FF904000502ABC /* ProjectTopBarView.swift */,
			);
			path = TopBar;
			sourceTree = "<group>";
		};
		3AD587C824FF904000502ABC /* AddTask */ = {
			isa = PBXGroup;
			children = (
				3AD587CD24FF904000502ABC /* AddTaskViewController.swift */,
				3AD587CC24FF904000502ABC /* AddTaskViewModel.swift */,
				3AD587C924FF904000502ABC /* TaskItemCell */,
				3AD587CE24FF904000502ABC /* Pickers */,
			);
			path = AddTask;
			sourceTree = "<group>";
		};
		3AD587C924FF904000502ABC /* TaskItemCell */ = {
			isa = PBXGroup;
			children = (
				3AD587CA24FF904000502ABC /* TaskItemCellView.swift */,
				3AD587CB24FF904000502ABC /* TaskItemViewModel.swift */,
			);
			path = TaskItemCell;
			sourceTree = "<group>";
		};
		3AD587CE24FF904000502ABC /* Pickers */ = {
			isa = PBXGroup;
			children = (
				3AD587CF24FF904000502ABC /* DatePickerViewController.swift */,
				3AD587D024FF904000502ABC /* ProjectPickerViewController.swift */,
			);
			path = Pickers;
			sourceTree = "<group>";
		};
		3AEEFFCA24B351A4006251C8 /* Extensions */ = {
			isa = PBXGroup;
			children = (
				3AAB33F224D2977500586F99 /* Array+.swift */,
				3AD587EB24FF90D700502ABC /* Date+.swift */,
				3A742AEE24D063D500C37684 /* Int+.swift */,
				3A09D76124F6AB5A0029A5E0 /* String+.swift */,
				3AD587EC24FF90D700502ABC /* StringInterpolation+.swift */,
				3A95C34224BC8A61003A52B9 /* UUID+.swift */,
				3AAB33F524D2981E00586F99 /* UIKit */,
			);
			path = Extensions;
			sourceTree = "<group>";
		};
/* End PBXGroup section */

/* Begin PBXNativeTarget section */
		3A309BB524AA0BB1000C103B /* AnyTask */ = {
			isa = PBXNativeTarget;
			buildConfigurationList = 3A309BCA24AA0BB4000C103B /* Build configuration list for PBXNativeTarget "AnyTask" */;
			buildPhases = (
				3A309BB224AA0BB1000C103B /* Sources */,
				3A309BB324AA0BB1000C103B /* Frameworks */,
				3A309BB424AA0BB1000C103B /* Resources */,
			);
			buildRules = (
			);
			dependencies = (
			);
			name = AnyTask;
			packageProductDependencies = (
				3AAB33F924D2997100586F99 /* Pin */,
			);
			productName = AnyTask;
			productReference = 3A309BB624AA0BB1000C103B /* AnyTask.app */;
			productType = "com.apple.product-type.application";
		};
/* End PBXNativeTarget section */

/* Begin PBXProject section */
		3A309BAE24AA0BB1000C103B /* Project object */ = {
			isa = PBXProject;
			attributes = {
				LastSwiftUpdateCheck = 1150;
				LastUpgradeCheck = 1150;
				ORGANIZATIONNAME = "Anton Tolstov";
				TargetAttributes = {
					3A309BB524AA0BB1000C103B = {
						CreatedOnToolsVersion = 11.5;
					};
				};
			};
			buildConfigurationList = 3A309BB124AA0BB1000C103B /* Build configuration list for PBXProject "AnyTask" */;
			compatibilityVersion = "Xcode 9.3";
			developmentRegion = en;
			hasScannedForEncodings = 0;
			knownRegions = (
				en,
				Base,
			);
			mainGroup = 3A309BAD24AA0BB1000C103B;
			packageReferences = (
				3AAB33F824D2997100586F99 /* XCRemoteSwiftPackageReference "LittlePin" */,
			);
			productRefGroup = 3A309BB724AA0BB1000C103B /* Products */;
			projectDirPath = "";
			projectRoot = "";
			targets = (
				3A309BB524AA0BB1000C103B /* AnyTask */,
			);
		};
/* End PBXProject section */

/* Begin PBXResourcesBuildPhase section */
		3A309BB424AA0BB1000C103B /* Resources */ = {
			isa = PBXResourcesBuildPhase;
			buildActionMask = 2147483647;
			files = (
				3A309BC624AA0BB4000C103B /* LaunchScreen.storyboard in Resources */,
				3A309BC324AA0BB4000C103B /* Assets.xcassets in Resources */,
			);
			runOnlyForDeploymentPostprocessing = 0;
		};
/* End PBXResourcesBuildPhase section */

/* Begin PBXSourcesBuildPhase section */
		3A309BB224AA0BB1000C103B /* Sources */ = {
			isa = PBXSourcesBuildPhase;
			buildActionMask = 2147483647;
			files = (
				3A95C34524BC8B1C003A52B9 /* TaskCoreDataManager.swift in Sources */,
				3A7A898524DBD58D009C7D3D /* Project(MO)+.swift in Sources */,
				3AD587D924FF904000502ABC /* BottomExpandingView.swift in Sources */,
				3AD587E624FF904000502ABC /* TaskItemViewModel.swift in Sources */,
				3AD587DE24FF904000502ABC /* ContentView.swift in Sources */,
				3A1B1C0224AB7772004D024C /* Project.swift in Sources */,
				3AD587D324FF904000502ABC /* ProjectsTableView.swift in Sources */,
				3ABA240124E6CE790007DC87 /* UIViewController+KeyboardNotifications.swift in Sources */,
				3A95C34124BC8838003A52B9 /* DataModel.xcdatamodeld in Sources */,
				3AA7D98824FF7B0D003713E6 /* Layout.swift in Sources */,
				3A309BBA24AA0BB1000C103B /* AppDelegate.swift in Sources */,
				3A09D76224F6AB5A0029A5E0 /* String+.swift in Sources */,
				3AD587E224FF904000502ABC /* ProjectViewController.swift in Sources */,
				3AAB340C24D3056A00586F99 /* IdentifiableObject.swift in Sources */,
				3AA7D98A24FF7B0D003713E6 /* Font.swift in Sources */,
				3A742AEF24D063D500C37684 /* Int+.swift in Sources */,
				3AA7D98B24FF7B0D003713E6 /* Color.swift in Sources */,
				3A7A898224DBD41D009C7D3D /* Task(MO)+.swift in Sources */,
				3A7A898724DBD828009C7D3D /* CoreDataManageable.swift in Sources */,
				3AD587DB24FF904000502ABC /* Delegate.swift in Sources */,
				3AD587E924FF904000502ABC /* DatePickerViewController.swift in Sources */,
				3A7A89CD24E14336009C7D3D /* TaskMO+CoreDataClass.swift in Sources */,
				3A7A899224DBE247009C7D3D /* Corner.swift in Sources */,
				3AD587D124FF904000502ABC /* ProjectsViewController.swift in Sources */,
				3A7A89CB24E14336009C7D3D /* ProjectMO+CoreDataClass.swift in Sources */,
				3A6EF27024EC298E0088BD75 /* TaskItem.swift in Sources */,
				3AD587D824FF904000502ABC /* TextField.swift in Sources */,
				3AD587D424FF904000502ABC /* ProjectsTableViewModel.swift in Sources */,
				3AD587D724FF904000502ABC /* AddTextView.swift in Sources */,
				3A7BF95D24BE429B00558675 /* Task.swift in Sources */,
				3AAB340924D2AA0200586F99 /* ProjectCoreDataManager.swift in Sources */,
				3A95C34724BC8B69003A52B9 /* DataManageable.swift in Sources */,
				3AD587E124FF904000502ABC /* TaskViewModel.swift in Sources */,
				3AD587ED24FF90D800502ABC /* Date+.swift in Sources */,
				3AA7D98324FF7AE7003713E6 /* UILabel+.swift in Sources */,
				3A7A89DD24E197CC009C7D3D /* UIButton+.swift in Sources */,
				3AD587E824FF904000502ABC /* AddTaskViewController.swift in Sources */,
				3A95C34324BC8A62003A52B9 /* UUID+.swift in Sources */,
				3AA7D98924FF7B0D003713E6 /* CornerRadius.swift in Sources */,
				3AD587D624FF904000502ABC /* SwipeableTableViewCell.swift in Sources */,
				3AD587EA24FF904000502ABC /* ProjectPickerViewController.swift in Sources */,
				3AAB340724D2A94E00586F99 /* CoreDataManager.swift in Sources */,
				3AAB340E24D30E7600586F99 /* ManagedObjectInitializable.swift in Sources */,
				3AD587E524FF904000502ABC /* TaskItemCellView.swift in Sources */,
				3A7A89DB24E1979D009C7D3D /* UIImage+.swift in Sources */,
				3AD587E424FF904000502ABC /* ProjectTopBarView.swift in Sources */,
				3A9B9D3724C1DDB10092DC25 /* UIEdgeInsets+.swift in Sources */,
				3A7A898F24DBE23B009C7D3D /* UIView+.swift in Sources */,
				3A7BF96124BE42C900558675 /* UIFont+.swift in Sources */,
				3AD587E724FF904000502ABC /* AddTaskViewModel.swift in Sources */,
				3AD587D524FF904000502ABC /* ButtonFactory.swift in Sources */,
				3AD587DD24FF904000502ABC /* ContentViewModel.swift in Sources */,
				3AD587D224FF904000502ABC /* ProjectsViewModel.swift in Sources */,
				3A7A89CC24E14336009C7D3D /* TaskMO+CoreDataProperties.swift in Sources */,
				3AD587E024FF904000502ABC /* TaskCellView.swift in Sources */,
				3A7A89CA24E14336009C7D3D /* ProjectMO+CoreDataProperties.swift in Sources */,
				3A7A89E324E198F1009C7D3D /* VerticalInsets.swift in Sources */,
				3AD587DF24FF904000502ABC /* ProjectViewModel.swift in Sources */,
				3A7BF96324BE42EA00558675 /* Tab.swift in Sources */,
				3A7A899B24DBE428009C7D3D /* UIViewController+.swift in Sources */,
				3A6EF27424EC2A2F0088BD75 /* OnlySelfTapGestureRecognizer.swift in Sources */,
				3AD587DA24FF904000502ABC /* BackDelegate.swift in Sources */,
				3AD587EE24FF90D800502ABC /* StringInterpolation+.swift in Sources */,
				3AD587E324FF904000502ABC /* TopBarView.swift in Sources */,
				3AD587DC24FF904000502ABC /* UpdateDelegate.swift in Sources */,
				3AAB33F324D2977500586F99 /* Array+.swift in Sources */,
				3AAB33F724D2984A00586F99 /* UIColor+.swift in Sources */,
			);
			runOnlyForDeploymentPostprocessing = 0;
		};
/* End PBXSourcesBuildPhase section */

/* Begin PBXVariantGroup section */
		3A309BC424AA0BB4000C103B /* LaunchScreen.storyboard */ = {
			isa = PBXVariantGroup;
			children = (
				3A309BC524AA0BB4000C103B /* Base */,
			);
			name = LaunchScreen.storyboard;
			sourceTree = "<group>";
		};
/* End PBXVariantGroup section */

/* Begin XCBuildConfiguration section */
		3A309BC824AA0BB4000C103B /* Debug */ = {
			isa = XCBuildConfiguration;
			buildSettings = {
				ALWAYS_SEARCH_USER_PATHS = NO;
				CLANG_ANALYZER_NONNULL = YES;
				CLANG_ANALYZER_NUMBER_OBJECT_CONVERSION = YES_AGGRESSIVE;
				CLANG_CXX_LANGUAGE_STANDARD = "gnu++14";
				CLANG_CXX_LIBRARY = "libc++";
				CLANG_ENABLE_MODULES = YES;
				CLANG_ENABLE_OBJC_ARC = YES;
				CLANG_ENABLE_OBJC_WEAK = YES;
				CLANG_WARN_BLOCK_CAPTURE_AUTORELEASING = YES;
				CLANG_WARN_BOOL_CONVERSION = YES;
				CLANG_WARN_COMMA = YES;
				CLANG_WARN_CONSTANT_CONVERSION = YES;
				CLANG_WARN_DEPRECATED_OBJC_IMPLEMENTATIONS = YES;
				CLANG_WARN_DIRECT_OBJC_ISA_USAGE = YES_ERROR;
				CLANG_WARN_DOCUMENTATION_COMMENTS = YES;
				CLANG_WARN_EMPTY_BODY = YES;
				CLANG_WARN_ENUM_CONVERSION = YES;
				CLANG_WARN_INFINITE_RECURSION = YES;
				CLANG_WARN_INT_CONVERSION = YES;
				CLANG_WARN_NON_LITERAL_NULL_CONVERSION = YES;
				CLANG_WARN_OBJC_IMPLICIT_RETAIN_SELF = YES;
				CLANG_WARN_OBJC_LITERAL_CONVERSION = YES;
				CLANG_WARN_OBJC_ROOT_CLASS = YES_ERROR;
				CLANG_WARN_RANGE_LOOP_ANALYSIS = YES;
				CLANG_WARN_STRICT_PROTOTYPES = YES;
				CLANG_WARN_SUSPICIOUS_MOVE = YES;
				CLANG_WARN_UNGUARDED_AVAILABILITY = YES_AGGRESSIVE;
				CLANG_WARN_UNREACHABLE_CODE = YES;
				CLANG_WARN__DUPLICATE_METHOD_MATCH = YES;
				COPY_PHASE_STRIP = NO;
				DEBUG_INFORMATION_FORMAT = dwarf;
				ENABLE_STRICT_OBJC_MSGSEND = YES;
				ENABLE_TESTABILITY = YES;
				GCC_C_LANGUAGE_STANDARD = gnu11;
				GCC_DYNAMIC_NO_PIC = NO;
				GCC_NO_COMMON_BLOCKS = YES;
				GCC_OPTIMIZATION_LEVEL = 0;
				GCC_PREPROCESSOR_DEFINITIONS = (
					"DEBUG=1",
					"$(inherited)",
				);
				GCC_WARN_64_TO_32_BIT_CONVERSION = YES;
				GCC_WARN_ABOUT_RETURN_TYPE = YES_ERROR;
				GCC_WARN_UNDECLARED_SELECTOR = YES;
				GCC_WARN_UNINITIALIZED_AUTOS = YES_AGGRESSIVE;
				GCC_WARN_UNUSED_FUNCTION = YES;
				GCC_WARN_UNUSED_VARIABLE = YES;
				IPHONEOS_DEPLOYMENT_TARGET = 13.5;
				MTL_ENABLE_DEBUG_INFO = INCLUDE_SOURCE;
				MTL_FAST_MATH = YES;
				ONLY_ACTIVE_ARCH = YES;
				SDKROOT = iphoneos;
				SWIFT_ACTIVE_COMPILATION_CONDITIONS = DEBUG;
				SWIFT_OPTIMIZATION_LEVEL = "-Onone";
			};
			name = Debug;
		};
		3A309BC924AA0BB4000C103B /* Release */ = {
			isa = XCBuildConfiguration;
			buildSettings = {
				ALWAYS_SEARCH_USER_PATHS = NO;
				CLANG_ANALYZER_NONNULL = YES;
				CLANG_ANALYZER_NUMBER_OBJECT_CONVERSION = YES_AGGRESSIVE;
				CLANG_CXX_LANGUAGE_STANDARD = "gnu++14";
				CLANG_CXX_LIBRARY = "libc++";
				CLANG_ENABLE_MODULES = YES;
				CLANG_ENABLE_OBJC_ARC = YES;
				CLANG_ENABLE_OBJC_WEAK = YES;
				CLANG_WARN_BLOCK_CAPTURE_AUTORELEASING = YES;
				CLANG_WARN_BOOL_CONVERSION = YES;
				CLANG_WARN_COMMA = YES;
				CLANG_WARN_CONSTANT_CONVERSION = YES;
				CLANG_WARN_DEPRECATED_OBJC_IMPLEMENTATIONS = YES;
				CLANG_WARN_DIRECT_OBJC_ISA_USAGE = YES_ERROR;
				CLANG_WARN_DOCUMENTATION_COMMENTS = YES;
				CLANG_WARN_EMPTY_BODY = YES;
				CLANG_WARN_ENUM_CONVERSION = YES;
				CLANG_WARN_INFINITE_RECURSION = YES;
				CLANG_WARN_INT_CONVERSION = YES;
				CLANG_WARN_NON_LITERAL_NULL_CONVERSION = YES;
				CLANG_WARN_OBJC_IMPLICIT_RETAIN_SELF = YES;
				CLANG_WARN_OBJC_LITERAL_CONVERSION = YES;
				CLANG_WARN_OBJC_ROOT_CLASS = YES_ERROR;
				CLANG_WARN_RANGE_LOOP_ANALYSIS = YES;
				CLANG_WARN_STRICT_PROTOTYPES = YES;
				CLANG_WARN_SUSPICIOUS_MOVE = YES;
				CLANG_WARN_UNGUARDED_AVAILABILITY = YES_AGGRESSIVE;
				CLANG_WARN_UNREACHABLE_CODE = YES;
				CLANG_WARN__DUPLICATE_METHOD_MATCH = YES;
				COPY_PHASE_STRIP = NO;
				DEBUG_INFORMATION_FORMAT = "dwarf-with-dsym";
				ENABLE_NS_ASSERTIONS = NO;
				ENABLE_STRICT_OBJC_MSGSEND = YES;
				GCC_C_LANGUAGE_STANDARD = gnu11;
				GCC_NO_COMMON_BLOCKS = YES;
				GCC_WARN_64_TO_32_BIT_CONVERSION = YES;
				GCC_WARN_ABOUT_RETURN_TYPE = YES_ERROR;
				GCC_WARN_UNDECLARED_SELECTOR = YES;
				GCC_WARN_UNINITIALIZED_AUTOS = YES_AGGRESSIVE;
				GCC_WARN_UNUSED_FUNCTION = YES;
				GCC_WARN_UNUSED_VARIABLE = YES;
				IPHONEOS_DEPLOYMENT_TARGET = 13.5;
				MTL_ENABLE_DEBUG_INFO = NO;
				MTL_FAST_MATH = YES;
				SDKROOT = iphoneos;
				SWIFT_COMPILATION_MODE = wholemodule;
				SWIFT_OPTIMIZATION_LEVEL = "-O";
				VALIDATE_PRODUCT = YES;
			};
			name = Release;
		};
		3A309BCB24AA0BB4000C103B /* Debug */ = {
			isa = XCBuildConfiguration;
			buildSettings = {
				ASSETCATALOG_COMPILER_APPICON_NAME = AppIcon;
				CODE_SIGN_STYLE = Automatic;
				DEVELOPMENT_TEAM = J3B68N99HN;
				INFOPLIST_FILE = "AnyTask/Supporting Files/Info.plist";
				IPHONEOS_DEPLOYMENT_TARGET = 10.0;
				LD_RUNPATH_SEARCH_PATHS = (
					"$(inherited)",
					"@executable_path/Frameworks",
				);
				PRODUCT_BUNDLE_IDENTIFIER = com.ducksowl.AnyTask;
				PRODUCT_NAME = "$(TARGET_NAME)";
				SWIFT_VERSION = 5.0;
				TARGETED_DEVICE_FAMILY = "1,2";
			};
			name = Debug;
		};
		3A309BCC24AA0BB4000C103B /* Release */ = {
			isa = XCBuildConfiguration;
			buildSettings = {
				ASSETCATALOG_COMPILER_APPICON_NAME = AppIcon;
				CODE_SIGN_STYLE = Automatic;
				DEVELOPMENT_TEAM = J3B68N99HN;
				INFOPLIST_FILE = "AnyTask/Supporting Files/Info.plist";
				IPHONEOS_DEPLOYMENT_TARGET = 10.0;
				LD_RUNPATH_SEARCH_PATHS = (
					"$(inherited)",
					"@executable_path/Frameworks",
				);
				PRODUCT_BUNDLE_IDENTIFIER = com.ducksowl.AnyTask;
				PRODUCT_NAME = "$(TARGET_NAME)";
				SWIFT_VERSION = 5.0;
				TARGETED_DEVICE_FAMILY = "1,2";
			};
			name = Release;
		};
/* End XCBuildConfiguration section */

/* Begin XCConfigurationList section */
		3A309BB124AA0BB1000C103B /* Build configuration list for PBXProject "AnyTask" */ = {
			isa = XCConfigurationList;
			buildConfigurations = (
				3A309BC824AA0BB4000C103B /* Debug */,
				3A309BC924AA0BB4000C103B /* Release */,
			);
			defaultConfigurationIsVisible = 0;
			defaultConfigurationName = Release;
		};
		3A309BCA24AA0BB4000C103B /* Build configuration list for PBXNativeTarget "AnyTask" */ = {
			isa = XCConfigurationList;
			buildConfigurations = (
				3A309BCB24AA0BB4000C103B /* Debug */,
				3A309BCC24AA0BB4000C103B /* Release */,
			);
			defaultConfigurationIsVisible = 0;
			defaultConfigurationName = Release;
		};
/* End XCConfigurationList section */

/* Begin XCRemoteSwiftPackageReference section */
		3AAB33F824D2997100586F99 /* XCRemoteSwiftPackageReference "LittlePin" */ = {
			isa = XCRemoteSwiftPackageReference;
			repositoryURL = "https://github.com/DuckSowl/LittlePin.git";
			requirement = {
				branch = master;
				kind = branch;
			};
		};
/* End XCRemoteSwiftPackageReference section */

/* Begin XCSwiftPackageProductDependency section */
		3AAB33F924D2997100586F99 /* Pin */ = {
			isa = XCSwiftPackageProductDependency;
			package = 3AAB33F824D2997100586F99 /* XCRemoteSwiftPackageReference "LittlePin" */;
			productName = Pin;
		};
/* End XCSwiftPackageProductDependency section */

/* Begin XCVersionGroup section */
		3A95C33F24BC8838003A52B9 /* DataModel.xcdatamodeld */ = {
			isa = XCVersionGroup;
			children = (
				3A95C34024BC8838003A52B9 /* DataModel.xcdatamodel */,
			);
			currentVersion = 3A95C34024BC8838003A52B9 /* DataModel.xcdatamodel */;
			path = DataModel.xcdatamodeld;
			sourceTree = "<group>";
			versionGroupType = wrapper.xcdatamodel;
		};
/* End XCVersionGroup section */
	};
	rootObject = 3A309BAE24AA0BB1000C103B /* Project object */;
}
